// !$*UTF8*$!
{
	archiveVersion = 1;
	classes = {
	};
	objectVersion = 50;
	objects = {

/* Begin PBXBuildFile section */
		2F0D6469237581A100B214F4 /* Fase.cpp in Sources */ = {isa = PBXBuildFile; fileRef = 2F0D6467237581A100B214F4 /* Fase.cpp */; };
		2F0D646C2378BA9500B214F4 /* FaseFloresta.cpp in Sources */ = {isa = PBXBuildFile; fileRef = 2F0D646A2378BA9500B214F4 /* FaseFloresta.cpp */; };
		2F0D64702378BC4900B214F4 /* ParametrosFase.cpp in Sources */ = {isa = PBXBuildFile; fileRef = 2F0D646E2378BC4900B214F4 /* ParametrosFase.cpp */; };
		2F0D64732378BCFF00B214F4 /* Parametros.cpp in Sources */ = {isa = PBXBuildFile; fileRef = 2F0D64712378BCFF00B214F4 /* Parametros.cpp */; };
		2F0D64772378BE9200B214F4 /* GerenciadorArquivos.cpp in Sources */ = {isa = PBXBuildFile; fileRef = 2F0D64752378BE9200B214F4 /* GerenciadorArquivos.cpp */; };
		2F0D647A2378D74400B214F4 /* FaseMontanha.cpp in Sources */ = {isa = PBXBuildFile; fileRef = 2F0D64782378D74400B214F4 /* FaseMontanha.cpp */; };
		2F0D6484237B1AA100B214F4 /* FaseState.cpp in Sources */ = {isa = PBXBuildFile; fileRef = 2F0D6483237B1AA100B214F4 /* FaseState.cpp */; };
		2F0D6487237C8CDA00B214F4 /* GerenciadorColisoes.cpp in Sources */ = {isa = PBXBuildFile; fileRef = 2F0D6485237C8CDA00B214F4 /* GerenciadorColisoes.cpp */; };
		2F0D648A237C8D8700B214F4 /* ListaPersonagens.cpp in Sources */ = {isa = PBXBuildFile; fileRef = 2F0D6488237C8D8700B214F4 /* ListaPersonagens.cpp */; };
		2F0D649C237F034700B214F4 /* GameMenu.cpp in Sources */ = {isa = PBXBuildFile; fileRef = 2F0D649A237F034700B214F4 /* GameMenu.cpp */; };
		2F0D649F237F0C1900B214F4 /* ConfigMenu.cpp in Sources */ = {isa = PBXBuildFile; fileRef = 2F0D649D237F0C1900B214F4 /* ConfigMenu.cpp */; };
		2F0D64A2237F12BB00B214F4 /* PauseMenu.cpp in Sources */ = {isa = PBXBuildFile; fileRef = 2F0D64A0237F12BB00B214F4 /* PauseMenu.cpp */; };
		2F0D64A5237F211A00B214F4 /* WinMenu.cpp in Sources */ = {isa = PBXBuildFile; fileRef = 2F0D64A3237F211A00B214F4 /* WinMenu.cpp */; };
		2F0D64A8237F24A000B214F4 /* FailedMenu.cpp in Sources */ = {isa = PBXBuildFile; fileRef = 2F0D64A6237F24A000B214F4 /* FailedMenu.cpp */; };
		2F0D64AB237F276A00B214F4 /* RankingMenu.cpp in Sources */ = {isa = PBXBuildFile; fileRef = 2F0D64A9237F276A00B214F4 /* RankingMenu.cpp */; };
		2F0D64AE237F326A00B214F4 /* FaseEventHandler.cpp in Sources */ = {isa = PBXBuildFile; fileRef = 2F0D64AC237F326A00B214F4 /* FaseEventHandler.cpp */; };
		2F43569A230ED21E00A89E64 /* main.cpp in Sources */ = {isa = PBXBuildFile; fileRef = 2F435699230ED21E00A89E64 /* main.cpp */; };
		2F43569C230ED25300A89E64 /* Resources in CopyFiles */ = {isa = PBXBuildFile; fileRef = 2F43569B230ED22500A89E64 /* Resources */; };
		2F4356BB230EDFA500A89E64 /* sfml-window.framework in Frameworks */ = {isa = PBXBuildFile; fileRef = 2F4356B6230EDFA500A89E64 /* sfml-window.framework */; };
		2F4356BC230EDFA500A89E64 /* sfml-graphics.framework in Frameworks */ = {isa = PBXBuildFile; fileRef = 2F4356B7230EDFA500A89E64 /* sfml-graphics.framework */; };
		2F4356BD230EDFA500A89E64 /* sfml-audio.framework in Frameworks */ = {isa = PBXBuildFile; fileRef = 2F4356B8230EDFA500A89E64 /* sfml-audio.framework */; };
		2F4356BE230EDFA500A89E64 /* sfml-network.framework in Frameworks */ = {isa = PBXBuildFile; fileRef = 2F4356B9230EDFA500A89E64 /* sfml-network.framework */; };
		2F4356BF230EDFA500A89E64 /* sfml-system.framework in Frameworks */ = {isa = PBXBuildFile; fileRef = 2F4356BA230EDFA500A89E64 /* sfml-system.framework */; };
		2F4356C1230EDFBE00A89E64 /* SFML.framework in Frameworks */ = {isa = PBXBuildFile; fileRef = 2F4356C0230EDFBE00A89E64 /* SFML.framework */; };
		2F43AFE1238100F50089A918 /* PlantaVenenosa.cpp in Sources */ = {isa = PBXBuildFile; fileRef = 2F43AFDF238100F50089A918 /* PlantaVenenosa.cpp */; };
		2F43AFE4238103950089A918 /* ListaObstaculos.cpp in Sources */ = {isa = PBXBuildFile; fileRef = 2F43AFE2238103950089A918 /* ListaObstaculos.cpp */; };
		2F43AFE7238185070089A918 /* ListaRanking.cpp in Sources */ = {isa = PBXBuildFile; fileRef = 2F43AFE5238185070089A918 /* ListaRanking.cpp */; };
		2F43AFEA2382E5B00089A918 /* Desmatador.cpp in Sources */ = {isa = PBXBuildFile; fileRef = 2F43AFE82382E5B00089A918 /* Desmatador.cpp */; };
		2F43AFED23833E230089A918 /* Projetil.cpp in Sources */ = {isa = PBXBuildFile; fileRef = 2F43AFEB23833E230089A918 /* Projetil.cpp */; };
		2F43AFF02383438E0089A918 /* Atirador.cpp in Sources */ = {isa = PBXBuildFile; fileRef = 2F43AFEE2383438E0089A918 /* Atirador.cpp */; };
		2F43AFF323834DA00089A918 /* Narcotraficante.cpp in Sources */ = {isa = PBXBuildFile; fileRef = 2F43AFF123834DA00089A918 /* Narcotraficante.cpp */; };
		2F69E402237F518600699DD2 /* ParametrosJogo.cpp in Sources */ = {isa = PBXBuildFile; fileRef = 2F69E400237F518600699DD2 /* ParametrosJogo.cpp */; };
		2F6E51552384365B00FF497B /* EndGameMenu.cpp in Sources */ = {isa = PBXBuildFile; fileRef = 2F6E51532384365B00FF497B /* EndGameMenu.cpp */; };
		2F8A5FF7236F132100CDE82F /* StateStack.cpp in Sources */ = {isa = PBXBuildFile; fileRef = 2F8A5FF5236F132100CDE82F /* StateStack.cpp */; };
		2F8A5FFD236F2E4D00CDE82F /* StateManager.cpp in Sources */ = {isa = PBXBuildFile; fileRef = 2F8A5FFB236F2E4D00CDE82F /* StateManager.cpp */; };
		2F8A6000236FA65E00CDE82F /* ListaEntidades.cpp in Sources */ = {isa = PBXBuildFile; fileRef = 2F8A5FFE236FA65E00CDE82F /* ListaEntidades.cpp */; };
		2F8A60032370F85F00CDE82F /* Context.cpp in Sources */ = {isa = PBXBuildFile; fileRef = 2F8A60012370F85F00CDE82F /* Context.cpp */; };
		2F8A60062370FB3900CDE82F /* Widget.cpp in Sources */ = {isa = PBXBuildFile; fileRef = 2F8A60042370FB3900CDE82F /* Widget.cpp */; };
		2F8A600A2371B03B00CDE82F /* Menu.cpp in Sources */ = {isa = PBXBuildFile; fileRef = 2F8A60082371B03B00CDE82F /* Menu.cpp */; };
		2F8A600D2371B3E800CDE82F /* MainMenu.cpp in Sources */ = {isa = PBXBuildFile; fileRef = 2F8A600B2371B3E800CDE82F /* MainMenu.cpp */; };
		2F8A60102371B80600CDE82F /* EventHandler.cpp in Sources */ = {isa = PBXBuildFile; fileRef = 2F8A600E2371B80600CDE82F /* EventHandler.cpp */; };
		2F8A60132371BEDC00CDE82F /* FontHolder.cpp in Sources */ = {isa = PBXBuildFile; fileRef = 2F8A60112371BEDC00CDE82F /* FontHolder.cpp */; };
		2F8A6016237339AE00CDE82F /* TextView.cpp in Sources */ = {isa = PBXBuildFile; fileRef = 2F8A6014237339AE00CDE82F /* TextView.cpp */; };
		2F8A601923733C2A00CDE82F /* ListaWidgets.cpp in Sources */ = {isa = PBXBuildFile; fileRef = 2F8A601723733C2A00CDE82F /* ListaWidgets.cpp */; };
		2F923775235BF7CC00747DCA /* tinystr.cpp in Sources */ = {isa = PBXBuildFile; fileRef = 2F92376C235BF7CC00747DCA /* tinystr.cpp */; };
		2F923776235BF7CC00747DCA /* tinyxmlparser.cpp in Sources */ = {isa = PBXBuildFile; fileRef = 2F92376D235BF7CC00747DCA /* tinyxmlparser.cpp */; };
		2F923777235BF7CC00747DCA /* tinyxmlerror.cpp in Sources */ = {isa = PBXBuildFile; fileRef = 2F92376E235BF7CC00747DCA /* tinyxmlerror.cpp */; };
		2F923778235BF7CC00747DCA /* tinyxml.cpp in Sources */ = {isa = PBXBuildFile; fileRef = 2F923772235BF7CC00747DCA /* tinyxml.cpp */; };
		2F92377B235BF7F300747DCA /* level.cpp in Sources */ = {isa = PBXBuildFile; fileRef = 2F923779235BF7F300747DCA /* level.cpp */; };
		2FA6DF4C234CCF7200302427 /* Button.cpp in Sources */ = {isa = PBXBuildFile; fileRef = 2FA6DF4A234CCF7200302427 /* Button.cpp */; };
		2FA6DF4F234CDADF00302427 /* MediaEngineParameters.cpp in Sources */ = {isa = PBXBuildFile; fileRef = 2FDA0BFF234BB3D100E3209D /* MediaEngineParameters.cpp */; };
		2FA6DF50234CDADF00302427 /* Personagem.cpp in Sources */ = {isa = PBXBuildFile; fileRef = 2FDA0BE423492EA600E3209D /* Personagem.cpp */; };
		2FA6DF52234CDADF00302427 /* Button.cpp in Sources */ = {isa = PBXBuildFile; fileRef = 2FA6DF4A234CCF7200302427 /* Button.cpp */; };
		2FA6DF53234CDADF00302427 /* TexturesHolder.cpp in Sources */ = {isa = PBXBuildFile; fileRef = 2FDA0BF1234A3D9B00E3209D /* TexturesHolder.cpp */; };
		2FA6DF54234CDADF00302427 /* State.cpp in Sources */ = {isa = PBXBuildFile; fileRef = 2FDA0BF9234BADD000E3209D /* State.cpp */; };
		2FA6DF55234CDADF00302427 /* GerenciadorGrafico.cpp in Sources */ = {isa = PBXBuildFile; fileRef = 2FDA0BD42346BF5F00E3209D /* GerenciadorGrafico.cpp */; };
		2FA6DF56234CDADF00302427 /* Jogador.cpp in Sources */ = {isa = PBXBuildFile; fileRef = 2FDA0BDB2349265500E3209D /* Jogador.cpp */; };
		2FA6DF57234CDADF00302427 /* Obstaculo.cpp in Sources */ = {isa = PBXBuildFile; fileRef = 2FDA0BED234A3C7900E3209D /* Obstaculo.cpp */; };
		2FA6DF58234CDADF00302427 /* Inimigo.cpp in Sources */ = {isa = PBXBuildFile; fileRef = 2FDA0BDE2349266200E3209D /* Inimigo.cpp */; };
		2FA6DF59234CDADF00302427 /* Jogo.cpp in Sources */ = {isa = PBXBuildFile; fileRef = 2FDA0BD12346BE8F00E3209D /* Jogo.cpp */; };
		2FA6DF5A234CDADF00302427 /* main.cpp in Sources */ = {isa = PBXBuildFile; fileRef = 2F435699230ED21E00A89E64 /* main.cpp */; };
		2FA6DF5C234CDADF00302427 /* Entidade.cpp in Sources */ = {isa = PBXBuildFile; fileRef = 2FDA0BD82349264500E3209D /* Entidade.cpp */; };
		2FA6DF5E234CDADF00302427 /* SFML.framework in Frameworks */ = {isa = PBXBuildFile; fileRef = 2F4356C0230EDFBE00A89E64 /* SFML.framework */; };
		2FA6DF5F234CDADF00302427 /* sfml-window.framework in Frameworks */ = {isa = PBXBuildFile; fileRef = 2F4356B6230EDFA500A89E64 /* sfml-window.framework */; };
		2FA6DF60234CDADF00302427 /* sfml-graphics.framework in Frameworks */ = {isa = PBXBuildFile; fileRef = 2F4356B7230EDFA500A89E64 /* sfml-graphics.framework */; };
		2FA6DF61234CDADF00302427 /* sfml-audio.framework in Frameworks */ = {isa = PBXBuildFile; fileRef = 2F4356B8230EDFA500A89E64 /* sfml-audio.framework */; };
		2FA6DF62234CDADF00302427 /* sfml-network.framework in Frameworks */ = {isa = PBXBuildFile; fileRef = 2F4356B9230EDFA500A89E64 /* sfml-network.framework */; };
		2FA6DF63234CDADF00302427 /* sfml-system.framework in Frameworks */ = {isa = PBXBuildFile; fileRef = 2F4356BA230EDFA500A89E64 /* sfml-system.framework */; };
		2FA6DF66234CDADF00302427 /* Resources in CopyFiles */ = {isa = PBXBuildFile; fileRef = 2F43569B230ED22500A89E64 /* Resources */; };
		2FA6DF6F234F940E00302427 /* MoveComponent.cpp in Sources */ = {isa = PBXBuildFile; fileRef = 2FA6DF6D234F940E00302427 /* MoveComponent.cpp */; };
		2FDA0BD32346BE8F00E3209D /* Jogo.cpp in Sources */ = {isa = PBXBuildFile; fileRef = 2FDA0BD12346BE8F00E3209D /* Jogo.cpp */; };
		2FDA0BD62346BF5F00E3209D /* GerenciadorGrafico.cpp in Sources */ = {isa = PBXBuildFile; fileRef = 2FDA0BD42346BF5F00E3209D /* GerenciadorGrafico.cpp */; };
		2FDA0BDA2349264500E3209D /* Entidade.cpp in Sources */ = {isa = PBXBuildFile; fileRef = 2FDA0BD82349264500E3209D /* Entidade.cpp */; };
		2FDA0BDD2349265500E3209D /* Jogador.cpp in Sources */ = {isa = PBXBuildFile; fileRef = 2FDA0BDB2349265500E3209D /* Jogador.cpp */; };
		2FDA0BE02349266200E3209D /* Inimigo.cpp in Sources */ = {isa = PBXBuildFile; fileRef = 2FDA0BDE2349266200E3209D /* Inimigo.cpp */; };
		2FDA0BE623492EA600E3209D /* Personagem.cpp in Sources */ = {isa = PBXBuildFile; fileRef = 2FDA0BE423492EA600E3209D /* Personagem.cpp */; };
		2FDA0BEF234A3C7900E3209D /* Obstaculo.cpp in Sources */ = {isa = PBXBuildFile; fileRef = 2FDA0BED234A3C7900E3209D /* Obstaculo.cpp */; };
		2FDA0BF3234A3D9B00E3209D /* TexturesHolder.cpp in Sources */ = {isa = PBXBuildFile; fileRef = 2FDA0BF1234A3D9B00E3209D /* TexturesHolder.cpp */; };
		2FDA0BFB234BADD000E3209D /* State.cpp in Sources */ = {isa = PBXBuildFile; fileRef = 2FDA0BF9234BADD000E3209D /* State.cpp */; };
		2FDA0C01234BB3D100E3209D /* MediaEngineParameters.cpp in Sources */ = {isa = PBXBuildFile; fileRef = 2FDA0BFF234BB3D100E3209D /* MediaEngineParameters.cpp */; };
		2FFE79F223847D65004BBA5A /* Espinho.cpp in Sources */ = {isa = PBXBuildFile; fileRef = 2FFE79F023847D65004BBA5A /* Espinho.cpp */; };
		2FFE79F5238495A1004BBA5A /* Pedra.cpp in Sources */ = {isa = PBXBuildFile; fileRef = 2FFE79F3238495A1004BBA5A /* Pedra.cpp */; };
		2FFE79F823849CC4004BBA5A /* NarcotraficanteDesmatador.cpp in Sources */ = {isa = PBXBuildFile; fileRef = 2FFE79F623849CC4004BBA5A /* NarcotraficanteDesmatador.cpp */; };
/* End PBXBuildFile section */

/* Begin PBXCopyFilesBuildPhase section */
		2F435678230ECF1D00A89E64 /* CopyFiles */ = {
			isa = PBXCopyFilesBuildPhase;
			buildActionMask = 2147483647;
			dstPath = /usr/share/man/man1/;
			dstSubfolderSpec = 0;
			files = (
			);
			runOnlyForDeploymentPostprocessing = 1;
		};
		2F43568B230ED0F200A89E64 /* CopyFiles */ = {
			isa = PBXCopyFilesBuildPhase;
			buildActionMask = 2147483647;
			dstPath = "";
			dstSubfolderSpec = 7;
			files = (
				2F43569C230ED25300A89E64 /* Resources in CopyFiles */,
			);
			runOnlyForDeploymentPostprocessing = 0;
		};
		2FA6DF64234CDADF00302427 /* CopyFiles */ = {
			isa = PBXCopyFilesBuildPhase;
			buildActionMask = 2147483647;
			dstPath = /usr/share/man/man1/;
			dstSubfolderSpec = 0;
			files = (
			);
			runOnlyForDeploymentPostprocessing = 1;
		};
		2FA6DF65234CDADF00302427 /* CopyFiles */ = {
			isa = PBXCopyFilesBuildPhase;
			buildActionMask = 2147483647;
			dstPath = "";
			dstSubfolderSpec = 7;
			files = (
				2FA6DF66234CDADF00302427 /* Resources in CopyFiles */,
			);
			runOnlyForDeploymentPostprocessing = 0;
		};
/* End PBXCopyFilesBuildPhase section */

/* Begin PBXFileReference section */
		2F0D6467237581A100B214F4 /* Fase.cpp */ = {isa = PBXFileReference; lastKnownFileType = sourcecode.cpp.cpp; path = Fase.cpp; sourceTree = "<group>"; };
		2F0D6468237581A100B214F4 /* Fase.hpp */ = {isa = PBXFileReference; lastKnownFileType = sourcecode.cpp.h; path = Fase.hpp; sourceTree = "<group>"; };
		2F0D646A2378BA9500B214F4 /* FaseFloresta.cpp */ = {isa = PBXFileReference; lastKnownFileType = sourcecode.cpp.cpp; path = FaseFloresta.cpp; sourceTree = "<group>"; };
		2F0D646B2378BA9500B214F4 /* FaseFloresta.hpp */ = {isa = PBXFileReference; lastKnownFileType = sourcecode.cpp.h; path = FaseFloresta.hpp; sourceTree = "<group>"; };
		2F0D646E2378BC4900B214F4 /* ParametrosFase.cpp */ = {isa = PBXFileReference; lastKnownFileType = sourcecode.cpp.cpp; path = ParametrosFase.cpp; sourceTree = "<group>"; };
		2F0D646F2378BC4900B214F4 /* ParametrosFase.hpp */ = {isa = PBXFileReference; lastKnownFileType = sourcecode.cpp.h; path = ParametrosFase.hpp; sourceTree = "<group>"; };
		2F0D64712378BCFF00B214F4 /* Parametros.cpp */ = {isa = PBXFileReference; fileEncoding = 4; lastKnownFileType = sourcecode.cpp.cpp; path = Parametros.cpp; sourceTree = "<group>"; };
		2F0D64722378BCFF00B214F4 /* Parametros.hpp */ = {isa = PBXFileReference; fileEncoding = 4; lastKnownFileType = sourcecode.cpp.h; path = Parametros.hpp; sourceTree = "<group>"; };
		2F0D64752378BE9200B214F4 /* GerenciadorArquivos.cpp */ = {isa = PBXFileReference; lastKnownFileType = sourcecode.cpp.cpp; path = GerenciadorArquivos.cpp; sourceTree = "<group>"; };
		2F0D64762378BE9200B214F4 /* GerenciadorArquivos.hpp */ = {isa = PBXFileReference; lastKnownFileType = sourcecode.cpp.h; path = GerenciadorArquivos.hpp; sourceTree = "<group>"; };
		2F0D64782378D74400B214F4 /* FaseMontanha.cpp */ = {isa = PBXFileReference; lastKnownFileType = sourcecode.cpp.cpp; path = FaseMontanha.cpp; sourceTree = "<group>"; };
		2F0D64792378D74400B214F4 /* FaseMontanha.hpp */ = {isa = PBXFileReference; lastKnownFileType = sourcecode.cpp.h; path = FaseMontanha.hpp; sourceTree = "<group>"; };
		2F0D647F2378E42E00B214F4 /* FaseState.hpp */ = {isa = PBXFileReference; lastKnownFileType = sourcecode.cpp.h; path = FaseState.hpp; sourceTree = "<group>"; };
		2F0D6482237A0BCF00B214F4 /* json.hpp */ = {isa = PBXFileReference; fileEncoding = 4; lastKnownFileType = sourcecode.cpp.h; name = json.hpp; path = ../json.hpp; sourceTree = "<group>"; };
		2F0D6483237B1AA100B214F4 /* FaseState.cpp */ = {isa = PBXFileReference; fileEncoding = 4; lastKnownFileType = sourcecode.cpp.cpp; path = FaseState.cpp; sourceTree = "<group>"; };
		2F0D6485237C8CDA00B214F4 /* GerenciadorColisoes.cpp */ = {isa = PBXFileReference; lastKnownFileType = sourcecode.cpp.cpp; path = GerenciadorColisoes.cpp; sourceTree = "<group>"; };
		2F0D6486237C8CDA00B214F4 /* GerenciadorColisoes.hpp */ = {isa = PBXFileReference; lastKnownFileType = sourcecode.cpp.h; path = GerenciadorColisoes.hpp; sourceTree = "<group>"; };
		2F0D6488237C8D8700B214F4 /* ListaPersonagens.cpp */ = {isa = PBXFileReference; lastKnownFileType = sourcecode.cpp.cpp; path = ListaPersonagens.cpp; sourceTree = "<group>"; };
		2F0D6489237C8D8700B214F4 /* ListaPersonagens.hpp */ = {isa = PBXFileReference; lastKnownFileType = sourcecode.cpp.h; path = ListaPersonagens.hpp; sourceTree = "<group>"; };
		2F0D649A237F034700B214F4 /* GameMenu.cpp */ = {isa = PBXFileReference; lastKnownFileType = sourcecode.cpp.cpp; path = GameMenu.cpp; sourceTree = "<group>"; };
		2F0D649B237F034700B214F4 /* GameMenu.hpp */ = {isa = PBXFileReference; lastKnownFileType = sourcecode.cpp.h; path = GameMenu.hpp; sourceTree = "<group>"; };
		2F0D649D237F0C1900B214F4 /* ConfigMenu.cpp */ = {isa = PBXFileReference; lastKnownFileType = sourcecode.cpp.cpp; path = ConfigMenu.cpp; sourceTree = "<group>"; };
		2F0D649E237F0C1900B214F4 /* ConfigMenu.hpp */ = {isa = PBXFileReference; lastKnownFileType = sourcecode.cpp.h; path = ConfigMenu.hpp; sourceTree = "<group>"; };
		2F0D64A0237F12BB00B214F4 /* PauseMenu.cpp */ = {isa = PBXFileReference; lastKnownFileType = sourcecode.cpp.cpp; path = PauseMenu.cpp; sourceTree = "<group>"; };
		2F0D64A1237F12BB00B214F4 /* PauseMenu.hpp */ = {isa = PBXFileReference; lastKnownFileType = sourcecode.cpp.h; path = PauseMenu.hpp; sourceTree = "<group>"; };
		2F0D64A3237F211A00B214F4 /* WinMenu.cpp */ = {isa = PBXFileReference; lastKnownFileType = sourcecode.cpp.cpp; path = WinMenu.cpp; sourceTree = "<group>"; };
		2F0D64A4237F211A00B214F4 /* WinMenu.hpp */ = {isa = PBXFileReference; lastKnownFileType = sourcecode.cpp.h; path = WinMenu.hpp; sourceTree = "<group>"; };
		2F0D64A6237F24A000B214F4 /* FailedMenu.cpp */ = {isa = PBXFileReference; lastKnownFileType = sourcecode.cpp.cpp; path = FailedMenu.cpp; sourceTree = "<group>"; };
		2F0D64A7237F24A000B214F4 /* FailedMenu.hpp */ = {isa = PBXFileReference; lastKnownFileType = sourcecode.cpp.h; path = FailedMenu.hpp; sourceTree = "<group>"; };
		2F0D64A9237F276A00B214F4 /* RankingMenu.cpp */ = {isa = PBXFileReference; lastKnownFileType = sourcecode.cpp.cpp; path = RankingMenu.cpp; sourceTree = "<group>"; };
		2F0D64AA237F276A00B214F4 /* RankingMenu.hpp */ = {isa = PBXFileReference; lastKnownFileType = sourcecode.cpp.h; path = RankingMenu.hpp; sourceTree = "<group>"; };
		2F0D64AC237F326A00B214F4 /* FaseEventHandler.cpp */ = {isa = PBXFileReference; lastKnownFileType = sourcecode.cpp.cpp; path = FaseEventHandler.cpp; sourceTree = "<group>"; };
		2F0D64AD237F326A00B214F4 /* FaseEventHandler.hpp */ = {isa = PBXFileReference; lastKnownFileType = sourcecode.cpp.h; path = FaseEventHandler.hpp; sourceTree = "<group>"; };
		2F43567A230ECF1D00A89E64 /* Jogo-SFML */ = {isa = PBXFileReference; explicitFileType = "compiled.mach-o.executable"; includeInIndex = 0; path = "Jogo-SFML"; sourceTree = BUILT_PRODUCTS_DIR; };
		2F43568E230ED17600A89E64 /* libsfml-system.2.5.1.dylib */ = {isa = PBXFileReference; lastKnownFileType = "compiled.mach-o.dylib"; name = "libsfml-system.2.5.1.dylib"; path = "../../../External-Libraries/Mac/SFML-2.5.1/lib/libsfml-system.2.5.1.dylib"; sourceTree = "<group>"; };
		2F43568F230ED17600A89E64 /* libsfml-network.2.5.1.dylib */ = {isa = PBXFileReference; lastKnownFileType = "compiled.mach-o.dylib"; name = "libsfml-network.2.5.1.dylib"; path = "../../../External-Libraries/Mac/SFML-2.5.1/lib/libsfml-network.2.5.1.dylib"; sourceTree = "<group>"; };
		2F435690230ED17600A89E64 /* libsfml-audio.2.5.1.dylib */ = {isa = PBXFileReference; lastKnownFileType = "compiled.mach-o.dylib"; name = "libsfml-audio.2.5.1.dylib"; path = "../../../External-Libraries/Mac/SFML-2.5.1/lib/libsfml-audio.2.5.1.dylib"; sourceTree = "<group>"; };
		2F435691230ED17600A89E64 /* libsfml-window.2.5.1.dylib */ = {isa = PBXFileReference; lastKnownFileType = "compiled.mach-o.dylib"; name = "libsfml-window.2.5.1.dylib"; path = "../../../External-Libraries/Mac/SFML-2.5.1/lib/libsfml-window.2.5.1.dylib"; sourceTree = "<group>"; };
		2F435692230ED17600A89E64 /* libsfml-graphics.2.5.1.dylib */ = {isa = PBXFileReference; lastKnownFileType = "compiled.mach-o.dylib"; name = "libsfml-graphics.2.5.1.dylib"; path = "../../../External-Libraries/Mac/SFML-2.5.1/lib/libsfml-graphics.2.5.1.dylib"; sourceTree = "<group>"; };
		2F435699230ED21E00A89E64 /* main.cpp */ = {isa = PBXFileReference; fileEncoding = 4; lastKnownFileType = sourcecode.cpp.cpp; path = main.cpp; sourceTree = "<group>"; };
		2F43569B230ED22500A89E64 /* Resources */ = {isa = PBXFileReference; lastKnownFileType = folder; name = Resources; path = ../../../Resources; sourceTree = "<group>"; };
		2F43569D230ED37B00A89E64 /* libsfml-window.2.5.1.dylib */ = {isa = PBXFileReference; lastKnownFileType = "compiled.mach-o.dylib"; name = "libsfml-window.2.5.1.dylib"; path = "../../External-Libraries/Mac/SFML-2.5.1/lib/libsfml-window.2.5.1.dylib"; sourceTree = "<group>"; };
		2F43569E230ED37B00A89E64 /* libsfml-audio.2.5.1.dylib */ = {isa = PBXFileReference; lastKnownFileType = "compiled.mach-o.dylib"; name = "libsfml-audio.2.5.1.dylib"; path = "../../External-Libraries/Mac/SFML-2.5.1/lib/libsfml-audio.2.5.1.dylib"; sourceTree = "<group>"; };
		2F43569F230ED37B00A89E64 /* libsfml-network.2.5.1.dylib */ = {isa = PBXFileReference; lastKnownFileType = "compiled.mach-o.dylib"; name = "libsfml-network.2.5.1.dylib"; path = "../../External-Libraries/Mac/SFML-2.5.1/lib/libsfml-network.2.5.1.dylib"; sourceTree = "<group>"; };
		2F4356A0230ED37B00A89E64 /* libsfml-system.2.5.1.dylib */ = {isa = PBXFileReference; lastKnownFileType = "compiled.mach-o.dylib"; name = "libsfml-system.2.5.1.dylib"; path = "../../External-Libraries/Mac/SFML-2.5.1/lib/libsfml-system.2.5.1.dylib"; sourceTree = "<group>"; };
		2F4356A1230ED37B00A89E64 /* libsfml-graphics.2.5.1.dylib */ = {isa = PBXFileReference; lastKnownFileType = "compiled.mach-o.dylib"; name = "libsfml-graphics.2.5.1.dylib"; path = "../../External-Libraries/Mac/SFML-2.5.1/lib/libsfml-graphics.2.5.1.dylib"; sourceTree = "<group>"; };
		2F4356AC230EDD4400A89E64 /* libsfml-network.2.5.1.dylib */ = {isa = PBXFileReference; lastKnownFileType = "compiled.mach-o.dylib"; name = "libsfml-network.2.5.1.dylib"; path = "External-Libraries/SFML/lib/libsfml-network.2.5.1.dylib"; sourceTree = "<group>"; };
		2F4356AD230EDD4400A89E64 /* libsfml-audio.2.5.1.dylib */ = {isa = PBXFileReference; lastKnownFileType = "compiled.mach-o.dylib"; name = "libsfml-audio.2.5.1.dylib"; path = "External-Libraries/SFML/lib/libsfml-audio.2.5.1.dylib"; sourceTree = "<group>"; };
		2F4356AE230EDD4400A89E64 /* libsfml-graphics.2.5.1.dylib */ = {isa = PBXFileReference; lastKnownFileType = "compiled.mach-o.dylib"; name = "libsfml-graphics.2.5.1.dylib"; path = "External-Libraries/SFML/lib/libsfml-graphics.2.5.1.dylib"; sourceTree = "<group>"; };
		2F4356AF230EDD4400A89E64 /* libsfml-system.2.5.1.dylib */ = {isa = PBXFileReference; lastKnownFileType = "compiled.mach-o.dylib"; name = "libsfml-system.2.5.1.dylib"; path = "External-Libraries/SFML/lib/libsfml-system.2.5.1.dylib"; sourceTree = "<group>"; };
		2F4356B0230EDD4400A89E64 /* libsfml-window.2.5.1.dylib */ = {isa = PBXFileReference; lastKnownFileType = "compiled.mach-o.dylib"; name = "libsfml-window.2.5.1.dylib"; path = "External-Libraries/SFML/lib/libsfml-window.2.5.1.dylib"; sourceTree = "<group>"; };
		2F4356B6230EDFA500A89E64 /* sfml-window.framework */ = {isa = PBXFileReference; lastKnownFileType = wrapper.framework; name = "sfml-window.framework"; path = "../../../../../../../Library/Frameworks/sfml-window.framework"; sourceTree = "<group>"; };
		2F4356B7230EDFA500A89E64 /* sfml-graphics.framework */ = {isa = PBXFileReference; lastKnownFileType = wrapper.framework; name = "sfml-graphics.framework"; path = "../../../../../../../Library/Frameworks/sfml-graphics.framework"; sourceTree = "<group>"; };
		2F4356B8230EDFA500A89E64 /* sfml-audio.framework */ = {isa = PBXFileReference; lastKnownFileType = wrapper.framework; name = "sfml-audio.framework"; path = "../../../../../../../Library/Frameworks/sfml-audio.framework"; sourceTree = "<group>"; };
		2F4356B9230EDFA500A89E64 /* sfml-network.framework */ = {isa = PBXFileReference; lastKnownFileType = wrapper.framework; name = "sfml-network.framework"; path = "../../../../../../../Library/Frameworks/sfml-network.framework"; sourceTree = "<group>"; };
		2F4356BA230EDFA500A89E64 /* sfml-system.framework */ = {isa = PBXFileReference; lastKnownFileType = wrapper.framework; name = "sfml-system.framework"; path = "../../../../../../../Library/Frameworks/sfml-system.framework"; sourceTree = "<group>"; };
		2F4356C0230EDFBE00A89E64 /* SFML.framework */ = {isa = PBXFileReference; lastKnownFileType = wrapper.framework; name = SFML.framework; path = ../../../../../../../Library/Frameworks/SFML.framework; sourceTree = "<group>"; };
		2F43AFDF238100F50089A918 /* PlantaVenenosa.cpp */ = {isa = PBXFileReference; lastKnownFileType = sourcecode.cpp.cpp; path = PlantaVenenosa.cpp; sourceTree = "<group>"; };
		2F43AFE0238100F50089A918 /* PlantaVenenosa.hpp */ = {isa = PBXFileReference; lastKnownFileType = sourcecode.cpp.h; path = PlantaVenenosa.hpp; sourceTree = "<group>"; };
		2F43AFE2238103950089A918 /* ListaObstaculos.cpp */ = {isa = PBXFileReference; lastKnownFileType = sourcecode.cpp.cpp; path = ListaObstaculos.cpp; sourceTree = "<group>"; };
		2F43AFE3238103950089A918 /* ListaObstaculos.hpp */ = {isa = PBXFileReference; lastKnownFileType = sourcecode.cpp.h; path = ListaObstaculos.hpp; sourceTree = "<group>"; };
		2F43AFE5238185070089A918 /* ListaRanking.cpp */ = {isa = PBXFileReference; lastKnownFileType = sourcecode.cpp.cpp; path = ListaRanking.cpp; sourceTree = "<group>"; };
		2F43AFE6238185070089A918 /* ListaRanking.hpp */ = {isa = PBXFileReference; lastKnownFileType = sourcecode.cpp.h; path = ListaRanking.hpp; sourceTree = "<group>"; };
		2F43AFE82382E5B00089A918 /* Desmatador.cpp */ = {isa = PBXFileReference; lastKnownFileType = sourcecode.cpp.cpp; path = Desmatador.cpp; sourceTree = "<group>"; };
		2F43AFE92382E5B00089A918 /* Desmatador.hpp */ = {isa = PBXFileReference; lastKnownFileType = sourcecode.cpp.h; path = Desmatador.hpp; sourceTree = "<group>"; };
		2F43AFEB23833E230089A918 /* Projetil.cpp */ = {isa = PBXFileReference; lastKnownFileType = sourcecode.cpp.cpp; path = Projetil.cpp; sourceTree = "<group>"; };
		2F43AFEC23833E230089A918 /* Projetil.hpp */ = {isa = PBXFileReference; lastKnownFileType = sourcecode.cpp.h; path = Projetil.hpp; sourceTree = "<group>"; };
		2F43AFEE2383438E0089A918 /* Atirador.cpp */ = {isa = PBXFileReference; lastKnownFileType = sourcecode.cpp.cpp; path = Atirador.cpp; sourceTree = "<group>"; };
		2F43AFEF2383438E0089A918 /* Atirador.hpp */ = {isa = PBXFileReference; lastKnownFileType = sourcecode.cpp.h; path = Atirador.hpp; sourceTree = "<group>"; };
		2F43AFF123834DA00089A918 /* Narcotraficante.cpp */ = {isa = PBXFileReference; lastKnownFileType = sourcecode.cpp.cpp; path = Narcotraficante.cpp; sourceTree = "<group>"; };
		2F43AFF223834DA00089A918 /* Narcotraficante.hpp */ = {isa = PBXFileReference; lastKnownFileType = sourcecode.cpp.h; path = Narcotraficante.hpp; sourceTree = "<group>"; };
		2F69E400237F518600699DD2 /* ParametrosJogo.cpp */ = {isa = PBXFileReference; lastKnownFileType = sourcecode.cpp.cpp; path = ParametrosJogo.cpp; sourceTree = "<group>"; };
		2F69E401237F518600699DD2 /* ParametrosJogo.hpp */ = {isa = PBXFileReference; lastKnownFileType = sourcecode.cpp.h; path = ParametrosJogo.hpp; sourceTree = "<group>"; };
		2F6E51532384365B00FF497B /* EndGameMenu.cpp */ = {isa = PBXFileReference; lastKnownFileType = sourcecode.cpp.cpp; path = EndGameMenu.cpp; sourceTree = "<group>"; };
		2F6E51542384365B00FF497B /* EndGameMenu.hpp */ = {isa = PBXFileReference; lastKnownFileType = sourcecode.cpp.h; path = EndGameMenu.hpp; sourceTree = "<group>"; };
		2F8A5FF0236E1A8900CDE82F /* Lista.hpp */ = {isa = PBXFileReference; lastKnownFileType = sourcecode.cpp.h; path = Lista.hpp; sourceTree = "<group>"; };
		2F8A5FF3236E27C900CDE82F /* Pilha.hpp */ = {isa = PBXFileReference; lastKnownFileType = sourcecode.cpp.h; path = Pilha.hpp; sourceTree = "<group>"; };
		2F8A5FF5236F132100CDE82F /* StateStack.cpp */ = {isa = PBXFileReference; lastKnownFileType = sourcecode.cpp.cpp; path = StateStack.cpp; sourceTree = "<group>"; };
		2F8A5FF6236F132100CDE82F /* StateStack.hpp */ = {isa = PBXFileReference; lastKnownFileType = sourcecode.cpp.h; path = StateStack.hpp; sourceTree = "<group>"; };
		2F8A5FFB236F2E4D00CDE82F /* StateManager.cpp */ = {isa = PBXFileReference; lastKnownFileType = sourcecode.cpp.cpp; path = StateManager.cpp; sourceTree = "<group>"; };
		2F8A5FFC236F2E4D00CDE82F /* StateManager.hpp */ = {isa = PBXFileReference; lastKnownFileType = sourcecode.cpp.h; path = StateManager.hpp; sourceTree = "<group>"; };
		2F8A5FFE236FA65E00CDE82F /* ListaEntidades.cpp */ = {isa = PBXFileReference; lastKnownFileType = sourcecode.cpp.cpp; path = ListaEntidades.cpp; sourceTree = "<group>"; };
		2F8A5FFF236FA65E00CDE82F /* ListaEntidades.hpp */ = {isa = PBXFileReference; lastKnownFileType = sourcecode.cpp.h; path = ListaEntidades.hpp; sourceTree = "<group>"; };
		2F8A60012370F85F00CDE82F /* Context.cpp */ = {isa = PBXFileReference; lastKnownFileType = sourcecode.cpp.cpp; path = Context.cpp; sourceTree = "<group>"; };
		2F8A60022370F85F00CDE82F /* Context.hpp */ = {isa = PBXFileReference; lastKnownFileType = sourcecode.cpp.h; path = Context.hpp; sourceTree = "<group>"; };
		2F8A60042370FB3900CDE82F /* Widget.cpp */ = {isa = PBXFileReference; lastKnownFileType = sourcecode.cpp.cpp; path = Widget.cpp; sourceTree = "<group>"; };
		2F8A60052370FB3900CDE82F /* Widget.hpp */ = {isa = PBXFileReference; lastKnownFileType = sourcecode.cpp.h; path = Widget.hpp; sourceTree = "<group>"; };
		2F8A60082371B03B00CDE82F /* Menu.cpp */ = {isa = PBXFileReference; lastKnownFileType = sourcecode.cpp.cpp; path = Menu.cpp; sourceTree = "<group>"; };
		2F8A60092371B03B00CDE82F /* Menu.hpp */ = {isa = PBXFileReference; lastKnownFileType = sourcecode.cpp.h; path = Menu.hpp; sourceTree = "<group>"; };
		2F8A600B2371B3E800CDE82F /* MainMenu.cpp */ = {isa = PBXFileReference; lastKnownFileType = sourcecode.cpp.cpp; path = MainMenu.cpp; sourceTree = "<group>"; };
		2F8A600C2371B3E800CDE82F /* MainMenu.hpp */ = {isa = PBXFileReference; lastKnownFileType = sourcecode.cpp.h; path = MainMenu.hpp; sourceTree = "<group>"; };
		2F8A600E2371B80600CDE82F /* EventHandler.cpp */ = {isa = PBXFileReference; lastKnownFileType = sourcecode.cpp.cpp; path = EventHandler.cpp; sourceTree = "<group>"; };
		2F8A600F2371B80600CDE82F /* EventHandler.hpp */ = {isa = PBXFileReference; lastKnownFileType = sourcecode.cpp.h; path = EventHandler.hpp; sourceTree = "<group>"; };
		2F8A60112371BEDC00CDE82F /* FontHolder.cpp */ = {isa = PBXFileReference; lastKnownFileType = sourcecode.cpp.cpp; path = FontHolder.cpp; sourceTree = "<group>"; };
		2F8A60122371BEDC00CDE82F /* FontHolder.hpp */ = {isa = PBXFileReference; lastKnownFileType = sourcecode.cpp.h; path = FontHolder.hpp; sourceTree = "<group>"; };
		2F8A6014237339AE00CDE82F /* TextView.cpp */ = {isa = PBXFileReference; lastKnownFileType = sourcecode.cpp.cpp; path = TextView.cpp; sourceTree = "<group>"; };
		2F8A6015237339AE00CDE82F /* TextView.hpp */ = {isa = PBXFileReference; lastKnownFileType = sourcecode.cpp.h; path = TextView.hpp; sourceTree = "<group>"; };
		2F8A601723733C2A00CDE82F /* ListaWidgets.cpp */ = {isa = PBXFileReference; lastKnownFileType = sourcecode.cpp.cpp; path = ListaWidgets.cpp; sourceTree = "<group>"; };
		2F8A601823733C2A00CDE82F /* ListaWidgets.hpp */ = {isa = PBXFileReference; lastKnownFileType = sourcecode.cpp.h; path = ListaWidgets.hpp; sourceTree = "<group>"; };
		2F923709235BF7CC00747DCA /* tinyxml.h */ = {isa = PBXFileReference; fileEncoding = 4; lastKnownFileType = sourcecode.c.h; path = tinyxml.h; sourceTree = "<group>"; };
		2F92370D235BF7CC00747DCA /* tinystr.h */ = {isa = PBXFileReference; fileEncoding = 4; lastKnownFileType = sourcecode.c.h; path = tinystr.h; sourceTree = "<group>"; };
		2F92376C235BF7CC00747DCA /* tinystr.cpp */ = {isa = PBXFileReference; fileEncoding = 4; lastKnownFileType = sourcecode.cpp.cpp; path = tinystr.cpp; sourceTree = "<group>"; };
		2F92376D235BF7CC00747DCA /* tinyxmlparser.cpp */ = {isa = PBXFileReference; fileEncoding = 4; lastKnownFileType = sourcecode.cpp.cpp; path = tinyxmlparser.cpp; sourceTree = "<group>"; };
		2F92376E235BF7CC00747DCA /* tinyxmlerror.cpp */ = {isa = PBXFileReference; fileEncoding = 4; lastKnownFileType = sourcecode.cpp.cpp; path = tinyxmlerror.cpp; sourceTree = "<group>"; };
		2F923772235BF7CC00747DCA /* tinyxml.cpp */ = {isa = PBXFileReference; fileEncoding = 4; lastKnownFileType = sourcecode.cpp.cpp; path = tinyxml.cpp; sourceTree = "<group>"; };
		2F923779235BF7F300747DCA /* level.cpp */ = {isa = PBXFileReference; fileEncoding = 4; lastKnownFileType = sourcecode.cpp.cpp; path = level.cpp; sourceTree = "<group>"; };
		2F92377A235BF7F300747DCA /* level.hpp */ = {isa = PBXFileReference; fileEncoding = 4; lastKnownFileType = sourcecode.cpp.h; path = level.hpp; sourceTree = "<group>"; };
		2FA6DF4A234CCF7200302427 /* Button.cpp */ = {isa = PBXFileReference; lastKnownFileType = sourcecode.cpp.cpp; path = Button.cpp; sourceTree = "<group>"; };
		2FA6DF4B234CCF7200302427 /* Button.hpp */ = {isa = PBXFileReference; lastKnownFileType = sourcecode.cpp.h; path = Button.hpp; sourceTree = "<group>"; };
		2FA6DF6A234CDADF00302427 /* Jogo-SFML ORIGINAL */ = {isa = PBXFileReference; explicitFileType = "compiled.mach-o.executable"; includeInIndex = 0; path = "Jogo-SFML ORIGINAL"; sourceTree = BUILT_PRODUCTS_DIR; };
		2FA6DF6B234CDFA000302427 /* base_gui_includes.hpp */ = {isa = PBXFileReference; lastKnownFileType = sourcecode.cpp.h; path = base_gui_includes.hpp; sourceTree = "<group>"; };
		2FA6DF6D234F940E00302427 /* MoveComponent.cpp */ = {isa = PBXFileReference; lastKnownFileType = sourcecode.cpp.cpp; path = MoveComponent.cpp; sourceTree = "<group>"; };
		2FA6DF6E234F940E00302427 /* MoveComponent.hpp */ = {isa = PBXFileReference; lastKnownFileType = sourcecode.cpp.h; path = MoveComponent.hpp; sourceTree = "<group>"; };
		2FDA0BD12346BE8F00E3209D /* Jogo.cpp */ = {isa = PBXFileReference; fileEncoding = 4; lastKnownFileType = sourcecode.cpp.cpp; path = Jogo.cpp; sourceTree = "<group>"; };
		2FDA0BD22346BE8F00E3209D /* Jogo.hpp */ = {isa = PBXFileReference; fileEncoding = 4; lastKnownFileType = sourcecode.cpp.h; path = Jogo.hpp; sourceTree = "<group>"; };
		2FDA0BD42346BF5F00E3209D /* GerenciadorGrafico.cpp */ = {isa = PBXFileReference; lastKnownFileType = sourcecode.cpp.cpp; path = GerenciadorGrafico.cpp; sourceTree = "<group>"; };
		2FDA0BD52346BF5F00E3209D /* GerenciadorGrafico.hpp */ = {isa = PBXFileReference; lastKnownFileType = sourcecode.cpp.h; path = GerenciadorGrafico.hpp; sourceTree = "<group>"; };
		2FDA0BD72346BFB400E3209D /* base_includes.hpp */ = {isa = PBXFileReference; lastKnownFileType = sourcecode.cpp.h; path = base_includes.hpp; sourceTree = "<group>"; };
		2FDA0BD82349264500E3209D /* Entidade.cpp */ = {isa = PBXFileReference; lastKnownFileType = sourcecode.cpp.cpp; path = Entidade.cpp; sourceTree = "<group>"; };
		2FDA0BD92349264500E3209D /* Entidade.hpp */ = {isa = PBXFileReference; lastKnownFileType = sourcecode.cpp.h; path = Entidade.hpp; sourceTree = "<group>"; };
		2FDA0BDB2349265500E3209D /* Jogador.cpp */ = {isa = PBXFileReference; lastKnownFileType = sourcecode.cpp.cpp; path = Jogador.cpp; sourceTree = "<group>"; };
		2FDA0BDC2349265500E3209D /* Jogador.hpp */ = {isa = PBXFileReference; lastKnownFileType = sourcecode.cpp.h; path = Jogador.hpp; sourceTree = "<group>"; };
		2FDA0BDE2349266200E3209D /* Inimigo.cpp */ = {isa = PBXFileReference; lastKnownFileType = sourcecode.cpp.cpp; path = Inimigo.cpp; sourceTree = "<group>"; };
		2FDA0BDF2349266200E3209D /* Inimigo.hpp */ = {isa = PBXFileReference; lastKnownFileType = sourcecode.cpp.h; path = Inimigo.hpp; sourceTree = "<group>"; };
		2FDA0BE423492EA600E3209D /* Personagem.cpp */ = {isa = PBXFileReference; lastKnownFileType = sourcecode.cpp.cpp; path = Personagem.cpp; sourceTree = "<group>"; };
		2FDA0BE523492EA600E3209D /* Personagem.hpp */ = {isa = PBXFileReference; lastKnownFileType = sourcecode.cpp.h; path = Personagem.hpp; sourceTree = "<group>"; };
		2FDA0BED234A3C7900E3209D /* Obstaculo.cpp */ = {isa = PBXFileReference; lastKnownFileType = sourcecode.cpp.cpp; path = Obstaculo.cpp; sourceTree = "<group>"; };
		2FDA0BEE234A3C7900E3209D /* Obstaculo.hpp */ = {isa = PBXFileReference; lastKnownFileType = sourcecode.cpp.h; path = Obstaculo.hpp; sourceTree = "<group>"; };
		2FDA0BF1234A3D9B00E3209D /* TexturesHolder.cpp */ = {isa = PBXFileReference; lastKnownFileType = sourcecode.cpp.cpp; path = TexturesHolder.cpp; sourceTree = "<group>"; };
		2FDA0BF2234A3D9B00E3209D /* TexturesHolder.hpp */ = {isa = PBXFileReference; lastKnownFileType = sourcecode.cpp.h; path = TexturesHolder.hpp; sourceTree = "<group>"; };
		2FDA0BF7234A63C200E3209D /* ResourcesHolder.hpp */ = {isa = PBXFileReference; lastKnownFileType = sourcecode.cpp.h; path = ResourcesHolder.hpp; sourceTree = "<group>"; };
		2FDA0BF9234BADD000E3209D /* State.cpp */ = {isa = PBXFileReference; lastKnownFileType = sourcecode.cpp.cpp; path = State.cpp; sourceTree = "<group>"; };
		2FDA0BFA234BADD000E3209D /* State.hpp */ = {isa = PBXFileReference; lastKnownFileType = sourcecode.cpp.h; path = State.hpp; sourceTree = "<group>"; };
		2FDA0BFF234BB3D100E3209D /* MediaEngineParameters.cpp */ = {isa = PBXFileReference; lastKnownFileType = sourcecode.cpp.cpp; path = MediaEngineParameters.cpp; sourceTree = "<group>"; };
		2FDA0C00234BB3D100E3209D /* MediaEngineParameters.hpp */ = {isa = PBXFileReference; lastKnownFileType = sourcecode.cpp.h; path = MediaEngineParameters.hpp; sourceTree = "<group>"; };
		2FFE79F023847D65004BBA5A /* Espinho.cpp */ = {isa = PBXFileReference; lastKnownFileType = sourcecode.cpp.cpp; path = Espinho.cpp; sourceTree = "<group>"; };
		2FFE79F123847D65004BBA5A /* Espinho.hpp */ = {isa = PBXFileReference; lastKnownFileType = sourcecode.cpp.h; path = Espinho.hpp; sourceTree = "<group>"; };
		2FFE79F3238495A1004BBA5A /* Pedra.cpp */ = {isa = PBXFileReference; lastKnownFileType = sourcecode.cpp.cpp; path = Pedra.cpp; sourceTree = "<group>"; };
		2FFE79F4238495A1004BBA5A /* Pedra.hpp */ = {isa = PBXFileReference; lastKnownFileType = sourcecode.cpp.h; path = Pedra.hpp; sourceTree = "<group>"; };
		2FFE79F623849CC4004BBA5A /* NarcotraficanteDesmatador.cpp */ = {isa = PBXFileReference; lastKnownFileType = sourcecode.cpp.cpp; path = NarcotraficanteDesmatador.cpp; sourceTree = "<group>"; };
		2FFE79F723849CC4004BBA5A /* NarcotraficanteDesmatador.hpp */ = {isa = PBXFileReference; lastKnownFileType = sourcecode.cpp.h; path = NarcotraficanteDesmatador.hpp; sourceTree = "<group>"; };
/* End PBXFileReference section */

/* Begin PBXFrameworksBuildPhase section */
		2F435677230ECF1D00A89E64 /* Frameworks */ = {
			isa = PBXFrameworksBuildPhase;
			buildActionMask = 2147483647;
			files = (
				2F4356C1230EDFBE00A89E64 /* SFML.framework in Frameworks */,
				2F4356BB230EDFA500A89E64 /* sfml-window.framework in Frameworks */,
				2F4356BC230EDFA500A89E64 /* sfml-graphics.framework in Frameworks */,
				2F4356BD230EDFA500A89E64 /* sfml-audio.framework in Frameworks */,
				2F4356BE230EDFA500A89E64 /* sfml-network.framework in Frameworks */,
				2F4356BF230EDFA500A89E64 /* sfml-system.framework in Frameworks */,
			);
			runOnlyForDeploymentPostprocessing = 0;
		};
		2FA6DF5D234CDADF00302427 /* Frameworks */ = {
			isa = PBXFrameworksBuildPhase;
			buildActionMask = 2147483647;
			files = (
				2FA6DF5E234CDADF00302427 /* SFML.framework in Frameworks */,
				2FA6DF5F234CDADF00302427 /* sfml-window.framework in Frameworks */,
				2FA6DF60234CDADF00302427 /* sfml-graphics.framework in Frameworks */,
				2FA6DF61234CDADF00302427 /* sfml-audio.framework in Frameworks */,
				2FA6DF62234CDADF00302427 /* sfml-network.framework in Frameworks */,
				2FA6DF63234CDADF00302427 /* sfml-system.framework in Frameworks */,
			);
			runOnlyForDeploymentPostprocessing = 0;
		};
/* End PBXFrameworksBuildPhase section */

/* Begin PBXGroup section */
		2F0D64662375819400B214F4 /* Fases */ = {
			isa = PBXGroup;
			children = (
				2F0D6467237581A100B214F4 /* Fase.cpp */,
				2F0D6468237581A100B214F4 /* Fase.hpp */,
				2F0D646A2378BA9500B214F4 /* FaseFloresta.cpp */,
				2F0D646B2378BA9500B214F4 /* FaseFloresta.hpp */,
				2F0D64782378D74400B214F4 /* FaseMontanha.cpp */,
				2F0D64792378D74400B214F4 /* FaseMontanha.hpp */,
				2F0D64AC237F326A00B214F4 /* FaseEventHandler.cpp */,
				2F0D64AD237F326A00B214F4 /* FaseEventHandler.hpp */,
			);
			path = Fases;
			sourceTree = "<group>";
		};
		2F0D646D2378BC3400B214F4 /* Parametros */ = {
			isa = PBXGroup;
			children = (
				2F0D64712378BCFF00B214F4 /* Parametros.cpp */,
				2F0D64722378BCFF00B214F4 /* Parametros.hpp */,
				2F0D646E2378BC4900B214F4 /* ParametrosFase.cpp */,
				2F0D646F2378BC4900B214F4 /* ParametrosFase.hpp */,
				2F69E400237F518600699DD2 /* ParametrosJogo.cpp */,
				2F69E401237F518600699DD2 /* ParametrosJogo.hpp */,
			);
			path = Parametros;
			sourceTree = "<group>";
		};
		2F0D6481237A0B8B00B214F4 /* libs */ = {
			isa = PBXGroup;
			children = (
				2F0D6482237A0BCF00B214F4 /* json.hpp */,
				2F923708235BF7CC00747DCA /* tinyxml */,
			);
			path = libs;
			sourceTree = "<group>";
		};
		2F435671230ECF1D00A89E64 = {
			isa = PBXGroup;
			children = (
				2F43567C230ECF1D00A89E64 /* Jogo-SFML */,
				2F43567B230ECF1D00A89E64 /* Products */,
				2F43568D230ED17500A89E64 /* Frameworks */,
			);
			sourceTree = "<group>";
		};
		2F43567B230ECF1D00A89E64 /* Products */ = {
			isa = PBXGroup;
			children = (
				2F43567A230ECF1D00A89E64 /* Jogo-SFML */,
				2FA6DF6A234CDADF00302427 /* Jogo-SFML ORIGINAL */,
			);
			name = Products;
			sourceTree = "<group>";
		};
		2F43567C230ECF1D00A89E64 /* Jogo-SFML */ = {
			isa = PBXGroup;
			children = (
				2F43569B230ED22500A89E64 /* Resources */,
				2F435698230ED21E00A89E64 /* src */,
			);
			path = "Jogo-SFML";
			sourceTree = "<group>";
		};
		2F43568D230ED17500A89E64 /* Frameworks */ = {
			isa = PBXGroup;
			children = (
				2F4356C0230EDFBE00A89E64 /* SFML.framework */,
				2F4356B8230EDFA500A89E64 /* sfml-audio.framework */,
				2F4356B7230EDFA500A89E64 /* sfml-graphics.framework */,
				2F4356B9230EDFA500A89E64 /* sfml-network.framework */,
				2F4356BA230EDFA500A89E64 /* sfml-system.framework */,
				2F4356B6230EDFA500A89E64 /* sfml-window.framework */,
				2F4356AD230EDD4400A89E64 /* libsfml-audio.2.5.1.dylib */,
				2F4356AE230EDD4400A89E64 /* libsfml-graphics.2.5.1.dylib */,
				2F4356AC230EDD4400A89E64 /* libsfml-network.2.5.1.dylib */,
				2F4356AF230EDD4400A89E64 /* libsfml-system.2.5.1.dylib */,
				2F4356B0230EDD4400A89E64 /* libsfml-window.2.5.1.dylib */,
				2F43569E230ED37B00A89E64 /* libsfml-audio.2.5.1.dylib */,
				2F4356A1230ED37B00A89E64 /* libsfml-graphics.2.5.1.dylib */,
				2F43569F230ED37B00A89E64 /* libsfml-network.2.5.1.dylib */,
				2F4356A0230ED37B00A89E64 /* libsfml-system.2.5.1.dylib */,
				2F43569D230ED37B00A89E64 /* libsfml-window.2.5.1.dylib */,
				2F435690230ED17600A89E64 /* libsfml-audio.2.5.1.dylib */,
				2F435692230ED17600A89E64 /* libsfml-graphics.2.5.1.dylib */,
				2F43568F230ED17600A89E64 /* libsfml-network.2.5.1.dylib */,
				2F43568E230ED17600A89E64 /* libsfml-system.2.5.1.dylib */,
				2F435691230ED17600A89E64 /* libsfml-window.2.5.1.dylib */,
			);
			name = Frameworks;
			sourceTree = "<group>";
		};
		2F435698230ED21E00A89E64 /* src */ = {
			isa = PBXGroup;
			children = (
				2FDA0BE7234A3B4D00E3209D /* Jogo */,
				2F435699230ED21E00A89E64 /* main.cpp */,
			);
			name = src;
			path = ../../../src;
			sourceTree = "<group>";
		};
		2F8A5FEE236E1A5D00CDE82F /* TADs */ = {
			isa = PBXGroup;
			children = (
				2F8A5FF0236E1A8900CDE82F /* Lista.hpp */,
				2F8A5FF3236E27C900CDE82F /* Pilha.hpp */,
				2F8A5FF5236F132100CDE82F /* StateStack.cpp */,
				2F8A5FF6236F132100CDE82F /* StateStack.hpp */,
				2F8A5FFE236FA65E00CDE82F /* ListaEntidades.cpp */,
				2F8A5FFF236FA65E00CDE82F /* ListaEntidades.hpp */,
				2F0D6488237C8D8700B214F4 /* ListaPersonagens.cpp */,
				2F0D6489237C8D8700B214F4 /* ListaPersonagens.hpp */,
				2F43AFE2238103950089A918 /* ListaObstaculos.cpp */,
				2F43AFE3238103950089A918 /* ListaObstaculos.hpp */,
				2F43AFE5238185070089A918 /* ListaRanking.cpp */,
				2F43AFE6238185070089A918 /* ListaRanking.hpp */,
			);
			path = TADs;
			sourceTree = "<group>";
		};
		2F8A60072371B00600CDE82F /* Menus */ = {
			isa = PBXGroup;
			children = (
				2F8A60082371B03B00CDE82F /* Menu.cpp */,
				2F8A60092371B03B00CDE82F /* Menu.hpp */,
				2F8A600B2371B3E800CDE82F /* MainMenu.cpp */,
				2F8A600C2371B3E800CDE82F /* MainMenu.hpp */,
				2F0D649A237F034700B214F4 /* GameMenu.cpp */,
				2F0D649B237F034700B214F4 /* GameMenu.hpp */,
				2F0D649D237F0C1900B214F4 /* ConfigMenu.cpp */,
				2F0D649E237F0C1900B214F4 /* ConfigMenu.hpp */,
				2F0D64A0237F12BB00B214F4 /* PauseMenu.cpp */,
				2F0D64A1237F12BB00B214F4 /* PauseMenu.hpp */,
				2F0D64A3237F211A00B214F4 /* WinMenu.cpp */,
				2F0D64A4237F211A00B214F4 /* WinMenu.hpp */,
				2F0D64A6237F24A000B214F4 /* FailedMenu.cpp */,
				2F0D64A7237F24A000B214F4 /* FailedMenu.hpp */,
				2F0D64A9237F276A00B214F4 /* RankingMenu.cpp */,
				2F0D64AA237F276A00B214F4 /* RankingMenu.hpp */,
				2F6E51532384365B00FF497B /* EndGameMenu.cpp */,
				2F6E51542384365B00FF497B /* EndGameMenu.hpp */,
			);
			path = Menus;
			sourceTree = "<group>";
		};
		2F8A601A2373431000CDE82F /* Gerenciadores */ = {
			isa = PBXGroup;
			children = (
				2F0D64752378BE9200B214F4 /* GerenciadorArquivos.cpp */,
				2F0D64762378BE9200B214F4 /* GerenciadorArquivos.hpp */,
				2F0D6485237C8CDA00B214F4 /* GerenciadorColisoes.cpp */,
				2F0D6486237C8CDA00B214F4 /* GerenciadorColisoes.hpp */,
			);
			path = Gerenciadores;
			sourceTree = "<group>";
		};
		2F923708235BF7CC00747DCA /* tinyxml */ = {
			isa = PBXGroup;
			children = (
				2F923709235BF7CC00747DCA /* tinyxml.h */,
				2F92370D235BF7CC00747DCA /* tinystr.h */,
				2F92376C235BF7CC00747DCA /* tinystr.cpp */,
				2F92376D235BF7CC00747DCA /* tinyxmlparser.cpp */,
				2F92376E235BF7CC00747DCA /* tinyxmlerror.cpp */,
				2F923772235BF7CC00747DCA /* tinyxml.cpp */,
			);
			path = tinyxml;
			sourceTree = "<group>";
		};
		2FA6DF49234CCF5A00302427 /* GUI */ = {
			isa = PBXGroup;
			children = (
				2FA6DF4A234CCF7200302427 /* Button.cpp */,
				2FA6DF4B234CCF7200302427 /* Button.hpp */,
				2FA6DF6B234CDFA000302427 /* base_gui_includes.hpp */,
				2F8A60012370F85F00CDE82F /* Context.cpp */,
				2F8A60022370F85F00CDE82F /* Context.hpp */,
				2F8A60042370FB3900CDE82F /* Widget.cpp */,
				2F8A60052370FB3900CDE82F /* Widget.hpp */,
				2F8A600E2371B80600CDE82F /* EventHandler.cpp */,
				2F8A600F2371B80600CDE82F /* EventHandler.hpp */,
				2F8A6014237339AE00CDE82F /* TextView.cpp */,
				2F8A6015237339AE00CDE82F /* TextView.hpp */,
				2F8A601723733C2A00CDE82F /* ListaWidgets.cpp */,
				2F8A601823733C2A00CDE82F /* ListaWidgets.hpp */,
			);
			path = GUI;
			sourceTree = "<group>";
		};
		2FA6DF6C234F93EC00302427 /* Componentes */ = {
			isa = PBXGroup;
			children = (
				2FA6DF6D234F940E00302427 /* MoveComponent.cpp */,
				2FA6DF6E234F940E00302427 /* MoveComponent.hpp */,
			);
			path = Componentes;
			sourceTree = "<group>";
		};
		2FDA0BE7234A3B4D00E3209D /* Jogo */ = {
			isa = PBXGroup;
			children = (
				2F0D6481237A0B8B00B214F4 /* libs */,
				2F0D646D2378BC3400B214F4 /* Parametros */,
				2F0D64662375819400B214F4 /* Fases */,
				2F8A601A2373431000CDE82F /* Gerenciadores */,
				2F8A60072371B00600CDE82F /* Menus */,
				2F8A5FEE236E1A5D00CDE82F /* TADs */,
				2FA6DF49234CCF5A00302427 /* GUI */,
				2FDA0C05234BD79B00E3209D /* Entidades */,
				2FDA0BF8234BADC100E3209D /* States */,
				2FDA0BF0234A3D5600E3209D /* Resources */,
				2FDA0BD12346BE8F00E3209D /* Jogo.cpp */,
				2FDA0BD22346BE8F00E3209D /* Jogo.hpp */,
				2FDA0BD42346BF5F00E3209D /* GerenciadorGrafico.cpp */,
				2FDA0BD52346BF5F00E3209D /* GerenciadorGrafico.hpp */,
				2FDA0BD72346BFB400E3209D /* base_includes.hpp */,
				2FDA0BFF234BB3D100E3209D /* MediaEngineParameters.cpp */,
				2FDA0C00234BB3D100E3209D /* MediaEngineParameters.hpp */,
			);
			path = Jogo;
			sourceTree = "<group>";
		};
		2FDA0BF0234A3D5600E3209D /* Resources */ = {
			isa = PBXGroup;
			children = (
				2FDA0BF7234A63C200E3209D /* ResourcesHolder.hpp */,
				2FDA0BF1234A3D9B00E3209D /* TexturesHolder.cpp */,
				2FDA0BF2234A3D9B00E3209D /* TexturesHolder.hpp */,
				2F8A60112371BEDC00CDE82F /* FontHolder.cpp */,
				2F8A60122371BEDC00CDE82F /* FontHolder.hpp */,
			);
			path = Resources;
			sourceTree = "<group>";
		};
		2FDA0BF8234BADC100E3209D /* States */ = {
			isa = PBXGroup;
			children = (
				2F8A5FFB236F2E4D00CDE82F /* StateManager.cpp */,
				2F8A5FFC236F2E4D00CDE82F /* StateManager.hpp */,
				2FDA0BF9234BADD000E3209D /* State.cpp */,
				2FDA0BFA234BADD000E3209D /* State.hpp */,
				2F0D647F2378E42E00B214F4 /* FaseState.hpp */,
				2F0D6483237B1AA100B214F4 /* FaseState.cpp */,
			);
			path = States;
			sourceTree = "<group>";
		};
		2FDA0C05234BD79B00E3209D /* Entidades */ = {
			isa = PBXGroup;
			children = (
				2F923779235BF7F300747DCA /* level.cpp */,
				2F92377A235BF7F300747DCA /* level.hpp */,
				2FA6DF6C234F93EC00302427 /* Componentes */,
				2FDA0BDB2349265500E3209D /* Jogador.cpp */,
				2FDA0BDC2349265500E3209D /* Jogador.hpp */,
				2FDA0BDE2349266200E3209D /* Inimigo.cpp */,
				2FDA0BDF2349266200E3209D /* Inimigo.hpp */,
				2F43AFE82382E5B00089A918 /* Desmatador.cpp */,
				2F43AFE92382E5B00089A918 /* Desmatador.hpp */,
				2FDA0BE423492EA600E3209D /* Personagem.cpp */,
				2FDA0BE523492EA600E3209D /* Personagem.hpp */,
				2FDA0BED234A3C7900E3209D /* Obstaculo.cpp */,
				2FDA0BEE234A3C7900E3209D /* Obstaculo.hpp */,
				2FDA0BD82349264500E3209D /* Entidade.cpp */,
				2FDA0BD92349264500E3209D /* Entidade.hpp */,
				2F43AFDF238100F50089A918 /* PlantaVenenosa.cpp */,
				2F43AFE0238100F50089A918 /* PlantaVenenosa.hpp */,
				2F43AFEB23833E230089A918 /* Projetil.cpp */,
				2F43AFEC23833E230089A918 /* Projetil.hpp */,
				2F43AFEE2383438E0089A918 /* Atirador.cpp */,
				2F43AFEF2383438E0089A918 /* Atirador.hpp */,
				2F43AFF123834DA00089A918 /* Narcotraficante.cpp */,
				2F43AFF223834DA00089A918 /* Narcotraficante.hpp */,
				2FFE79F023847D65004BBA5A /* Espinho.cpp */,
				2FFE79F123847D65004BBA5A /* Espinho.hpp */,
				2FFE79F3238495A1004BBA5A /* Pedra.cpp */,
				2FFE79F4238495A1004BBA5A /* Pedra.hpp */,
				2FFE79F623849CC4004BBA5A /* NarcotraficanteDesmatador.cpp */,
				2FFE79F723849CC4004BBA5A /* NarcotraficanteDesmatador.hpp */,
			);
			path = Entidades;
			sourceTree = "<group>";
		};
/* End PBXGroup section */

/* Begin PBXNativeTarget section */
		2F435679230ECF1D00A89E64 /* Jogo-SFML */ = {
			isa = PBXNativeTarget;
			buildConfigurationList = 2F435681230ECF1D00A89E64 /* Build configuration list for PBXNativeTarget "Jogo-SFML" */;
			buildPhases = (
				2F435676230ECF1D00A89E64 /* Sources */,
				2F435677230ECF1D00A89E64 /* Frameworks */,
				2F435678230ECF1D00A89E64 /* CopyFiles */,
				2F43568B230ED0F200A89E64 /* CopyFiles */,
			);
			buildRules = (
			);
			dependencies = (
			);
			name = "Jogo-SFML";
			productName = "SFML-Test";
			productReference = 2F43567A230ECF1D00A89E64 /* Jogo-SFML */;
			productType = "com.apple.product-type.tool";
		};
		2FA6DF4D234CDADF00302427 /* Jogo-SFML ORIGINAL */ = {
			isa = PBXNativeTarget;
			buildConfigurationList = 2FA6DF67234CDADF00302427 /* Build configuration list for PBXNativeTarget "Jogo-SFML ORIGINAL" */;
			buildPhases = (
				2FA6DF4E234CDADF00302427 /* Sources */,
				2FA6DF5D234CDADF00302427 /* Frameworks */,
				2FA6DF64234CDADF00302427 /* CopyFiles */,
				2FA6DF65234CDADF00302427 /* CopyFiles */,
			);
			buildRules = (
			);
			dependencies = (
			);
			name = "Jogo-SFML ORIGINAL";
			productName = "SFML-Test";
			productReference = 2FA6DF6A234CDADF00302427 /* Jogo-SFML ORIGINAL */;
			productType = "com.apple.product-type.tool";
		};
/* End PBXNativeTarget section */

/* Begin PBXProject section */
		2F435672230ECF1D00A89E64 /* Project object */ = {
			isa = PBXProject;
			attributes = {
				LastUpgradeCheck = 1110;
				ORGANIZATIONNAME = "Matheus Kunnen Ledesma";
				TargetAttributes = {
					2F435679230ECF1D00A89E64 = {
						CreatedOnToolsVersion = 10.3;
					};
				};
			};
			buildConfigurationList = 2F435675230ECF1D00A89E64 /* Build configuration list for PBXProject "Jogo-SFML" */;
			compatibilityVersion = "Xcode 9.3";
			developmentRegion = en;
			hasScannedForEncodings = 0;
			knownRegions = (
				en,
				Base,
			);
			mainGroup = 2F435671230ECF1D00A89E64;
			productRefGroup = 2F43567B230ECF1D00A89E64 /* Products */;
			projectDirPath = "";
			projectRoot = "";
			targets = (
				2F435679230ECF1D00A89E64 /* Jogo-SFML */,
				2FA6DF4D234CDADF00302427 /* Jogo-SFML ORIGINAL */,
			);
		};
/* End PBXProject section */

/* Begin PBXSourcesBuildPhase section */
		2F435676230ECF1D00A89E64 /* Sources */ = {
			isa = PBXSourcesBuildPhase;
			buildActionMask = 2147483647;
			files = (
				2F923777235BF7CC00747DCA /* tinyxmlerror.cpp in Sources */,
				2FDA0C01234BB3D100E3209D /* MediaEngineParameters.cpp in Sources */,
				2F923776235BF7CC00747DCA /* tinyxmlparser.cpp in Sources */,
				2F0D6487237C8CDA00B214F4 /* GerenciadorColisoes.cpp in Sources */,
				2F8A60032370F85F00CDE82F /* Context.cpp in Sources */,
				2F0D64A5237F211A00B214F4 /* WinMenu.cpp in Sources */,
				2F8A60102371B80600CDE82F /* EventHandler.cpp in Sources */,
				2F43AFF323834DA00089A918 /* Narcotraficante.cpp in Sources */,
				2FDA0BE623492EA600E3209D /* Personagem.cpp in Sources */,
				2FA6DF4C234CCF7200302427 /* Button.cpp in Sources */,
				2F0D64AB237F276A00B214F4 /* RankingMenu.cpp in Sources */,
				2F0D646C2378BA9500B214F4 /* FaseFloresta.cpp in Sources */,
				2F0D64A2237F12BB00B214F4 /* PauseMenu.cpp in Sources */,
				2F0D64732378BCFF00B214F4 /* Parametros.cpp in Sources */,
				2F8A60132371BEDC00CDE82F /* FontHolder.cpp in Sources */,
				2F8A5FF7236F132100CDE82F /* StateStack.cpp in Sources */,
				2F43AFEA2382E5B00089A918 /* Desmatador.cpp in Sources */,
				2F43AFF02383438E0089A918 /* Atirador.cpp in Sources */,
				2FDA0BF3234A3D9B00E3209D /* TexturesHolder.cpp in Sources */,
				2FDA0BFB234BADD000E3209D /* State.cpp in Sources */,
				2F0D6484237B1AA100B214F4 /* FaseState.cpp in Sources */,
				2F0D649F237F0C1900B214F4 /* ConfigMenu.cpp in Sources */,
				2FFE79F5238495A1004BBA5A /* Pedra.cpp in Sources */,
				2F8A601923733C2A00CDE82F /* ListaWidgets.cpp in Sources */,
				2F69E402237F518600699DD2 /* ParametrosJogo.cpp in Sources */,
				2F43AFE1238100F50089A918 /* PlantaVenenosa.cpp in Sources */,
				2FDA0BD62346BF5F00E3209D /* GerenciadorGrafico.cpp in Sources */,
				2F6E51552384365B00FF497B /* EndGameMenu.cpp in Sources */,
				2F923778235BF7CC00747DCA /* tinyxml.cpp in Sources */,
				2F923775235BF7CC00747DCA /* tinystr.cpp in Sources */,
				2F8A600D2371B3E800CDE82F /* MainMenu.cpp in Sources */,
				2F43AFED23833E230089A918 /* Projetil.cpp in Sources */,
				2FDA0BDD2349265500E3209D /* Jogador.cpp in Sources */,
				2F43AFE7238185070089A918 /* ListaRanking.cpp in Sources */,
				2FA6DF6F234F940E00302427 /* MoveComponent.cpp in Sources */,
				2FFE79F223847D65004BBA5A /* Espinho.cpp in Sources */,
				2F43AFE4238103950089A918 /* ListaObstaculos.cpp in Sources */,
				2F0D649C237F034700B214F4 /* GameMenu.cpp in Sources */,
				2F0D6469237581A100B214F4 /* Fase.cpp in Sources */,
				2FDA0BEF234A3C7900E3209D /* Obstaculo.cpp in Sources */,
				2F8A600A2371B03B00CDE82F /* Menu.cpp in Sources */,
				2FFE79F823849CC4004BBA5A /* NarcotraficanteDesmatador.cpp in Sources */,
				2FDA0BE02349266200E3209D /* Inimigo.cpp in Sources */,
				2F8A60062370FB3900CDE82F /* Widget.cpp in Sources */,
				2FDA0BD32346BE8F00E3209D /* Jogo.cpp in Sources */,
				2F0D64702378BC4900B214F4 /* ParametrosFase.cpp in Sources */,
				2F8A6000236FA65E00CDE82F /* ListaEntidades.cpp in Sources */,
				2F43569A230ED21E00A89E64 /* main.cpp in Sources */,
				2F0D647A2378D74400B214F4 /* FaseMontanha.cpp in Sources */,
				2F0D64AE237F326A00B214F4 /* FaseEventHandler.cpp in Sources */,
				2F0D64772378BE9200B214F4 /* GerenciadorArquivos.cpp in Sources */,
				2FDA0BDA2349264500E3209D /* Entidade.cpp in Sources */,
				2F8A6016237339AE00CDE82F /* TextView.cpp in Sources */,
				2F0D648A237C8D8700B214F4 /* ListaPersonagens.cpp in Sources */,
				2F92377B235BF7F300747DCA /* level.cpp in Sources */,
				2F8A5FFD236F2E4D00CDE82F /* StateManager.cpp in Sources */,
				2F0D64A8237F24A000B214F4 /* FailedMenu.cpp in Sources */,
			);
			runOnlyForDeploymentPostprocessing = 0;
		};
		2FA6DF4E234CDADF00302427 /* Sources */ = {
			isa = PBXSourcesBuildPhase;
			buildActionMask = 2147483647;
			files = (
				2FA6DF4F234CDADF00302427 /* MediaEngineParameters.cpp in Sources */,
				2FA6DF50234CDADF00302427 /* Personagem.cpp in Sources */,
				2FA6DF52234CDADF00302427 /* Button.cpp in Sources */,
				2FA6DF53234CDADF00302427 /* TexturesHolder.cpp in Sources */,
				2FA6DF54234CDADF00302427 /* State.cpp in Sources */,
				2FA6DF55234CDADF00302427 /* GerenciadorGrafico.cpp in Sources */,
				2FA6DF56234CDADF00302427 /* Jogador.cpp in Sources */,
				2FA6DF57234CDADF00302427 /* Obstaculo.cpp in Sources */,
				2FA6DF58234CDADF00302427 /* Inimigo.cpp in Sources */,
				2FA6DF59234CDADF00302427 /* Jogo.cpp in Sources */,
				2FA6DF5A234CDADF00302427 /* main.cpp in Sources */,
				2FA6DF5C234CDADF00302427 /* Entidade.cpp in Sources */,
			);
			runOnlyForDeploymentPostprocessing = 0;
		};
/* End PBXSourcesBuildPhase section */

/* Begin XCBuildConfiguration section */
		2F43567F230ECF1D00A89E64 /* Debug */ = {
			isa = XCBuildConfiguration;
			buildSettings = {
				ALWAYS_SEARCH_USER_PATHS = NO;
				CLANG_ANALYZER_NONNULL = YES;
				CLANG_ANALYZER_NUMBER_OBJECT_CONVERSION = YES_AGGRESSIVE;
				CLANG_CXX_LANGUAGE_STANDARD = "gnu++14";
				CLANG_CXX_LIBRARY = "libc++";
				CLANG_ENABLE_MODULES = YES;
				CLANG_ENABLE_OBJC_ARC = YES;
				CLANG_ENABLE_OBJC_WEAK = YES;
				CLANG_WARN_BLOCK_CAPTURE_AUTORELEASING = YES;
				CLANG_WARN_BOOL_CONVERSION = YES;
				CLANG_WARN_COMMA = YES;
				CLANG_WARN_CONSTANT_CONVERSION = YES;
				CLANG_WARN_DEPRECATED_OBJC_IMPLEMENTATIONS = YES;
				CLANG_WARN_DIRECT_OBJC_ISA_USAGE = YES_ERROR;
				CLANG_WARN_DOCUMENTATION_COMMENTS = YES;
				CLANG_WARN_EMPTY_BODY = YES;
				CLANG_WARN_ENUM_CONVERSION = YES;
				CLANG_WARN_INFINITE_RECURSION = YES;
				CLANG_WARN_INT_CONVERSION = YES;
				CLANG_WARN_NON_LITERAL_NULL_CONVERSION = YES;
				CLANG_WARN_OBJC_IMPLICIT_RETAIN_SELF = YES;
				CLANG_WARN_OBJC_LITERAL_CONVERSION = YES;
				CLANG_WARN_OBJC_ROOT_CLASS = YES_ERROR;
				CLANG_WARN_RANGE_LOOP_ANALYSIS = YES;
				CLANG_WARN_STRICT_PROTOTYPES = YES;
				CLANG_WARN_SUSPICIOUS_MOVE = YES;
				CLANG_WARN_UNGUARDED_AVAILABILITY = YES_AGGRESSIVE;
				CLANG_WARN_UNREACHABLE_CODE = YES;
				CLANG_WARN__DUPLICATE_METHOD_MATCH = YES;
				CODE_SIGN_IDENTITY = "Mac Developer";
				COPY_PHASE_STRIP = NO;
				DEBUG_INFORMATION_FORMAT = dwarf;
				ENABLE_STRICT_OBJC_MSGSEND = YES;
				ENABLE_TESTABILITY = YES;
				GCC_C_LANGUAGE_STANDARD = gnu11;
				GCC_DYNAMIC_NO_PIC = NO;
				GCC_NO_COMMON_BLOCKS = YES;
				GCC_OPTIMIZATION_LEVEL = 0;
				GCC_PREPROCESSOR_DEFINITIONS = (
					"DEBUG=1",
					"$(inherited)",
				);
				GCC_WARN_64_TO_32_BIT_CONVERSION = YES;
				GCC_WARN_ABOUT_RETURN_TYPE = YES_ERROR;
				GCC_WARN_UNDECLARED_SELECTOR = YES;
				GCC_WARN_UNINITIALIZED_AUTOS = YES_AGGRESSIVE;
				GCC_WARN_UNUSED_FUNCTION = YES;
				GCC_WARN_UNUSED_VARIABLE = YES;
				MACOSX_DEPLOYMENT_TARGET = 10.14;
				MTL_ENABLE_DEBUG_INFO = INCLUDE_SOURCE;
				MTL_FAST_MATH = YES;
				ONLY_ACTIVE_ARCH = YES;
				SDKROOT = macosx;
				VALIDATE_PRODUCT = YES;
			};
			name = Debug;
		};
		2F435680230ECF1D00A89E64 /* Release */ = {
			isa = XCBuildConfiguration;
			buildSettings = {
				ALWAYS_SEARCH_USER_PATHS = NO;
				CLANG_ANALYZER_NONNULL = YES;
				CLANG_ANALYZER_NUMBER_OBJECT_CONVERSION = YES_AGGRESSIVE;
				CLANG_CXX_LANGUAGE_STANDARD = "gnu++14";
				CLANG_CXX_LIBRARY = "libc++";
				CLANG_ENABLE_MODULES = YES;
				CLANG_ENABLE_OBJC_ARC = YES;
				CLANG_ENABLE_OBJC_WEAK = YES;
				CLANG_WARN_BLOCK_CAPTURE_AUTORELEASING = YES;
				CLANG_WARN_BOOL_CONVERSION = YES;
				CLANG_WARN_COMMA = YES;
				CLANG_WARN_CONSTANT_CONVERSION = YES;
				CLANG_WARN_DEPRECATED_OBJC_IMPLEMENTATIONS = YES;
				CLANG_WARN_DIRECT_OBJC_ISA_USAGE = YES_ERROR;
				CLANG_WARN_DOCUMENTATION_COMMENTS = YES;
				CLANG_WARN_EMPTY_BODY = YES;
				CLANG_WARN_ENUM_CONVERSION = YES;
				CLANG_WARN_INFINITE_RECURSION = YES;
				CLANG_WARN_INT_CONVERSION = YES;
				CLANG_WARN_NON_LITERAL_NULL_CONVERSION = YES;
				CLANG_WARN_OBJC_IMPLICIT_RETAIN_SELF = YES;
				CLANG_WARN_OBJC_LITERAL_CONVERSION = YES;
				CLANG_WARN_OBJC_ROOT_CLASS = YES_ERROR;
				CLANG_WARN_RANGE_LOOP_ANALYSIS = YES;
				CLANG_WARN_STRICT_PROTOTYPES = YES;
				CLANG_WARN_SUSPICIOUS_MOVE = YES;
				CLANG_WARN_UNGUARDED_AVAILABILITY = YES_AGGRESSIVE;
				CLANG_WARN_UNREACHABLE_CODE = YES;
				CLANG_WARN__DUPLICATE_METHOD_MATCH = YES;
				CODE_SIGN_IDENTITY = "Mac Developer";
				COPY_PHASE_STRIP = NO;
				DEBUG_INFORMATION_FORMAT = "dwarf-with-dsym";
				ENABLE_NS_ASSERTIONS = NO;
				ENABLE_STRICT_OBJC_MSGSEND = YES;
				GCC_C_LANGUAGE_STANDARD = gnu11;
				GCC_NO_COMMON_BLOCKS = YES;
				GCC_WARN_64_TO_32_BIT_CONVERSION = YES;
				GCC_WARN_ABOUT_RETURN_TYPE = YES_ERROR;
				GCC_WARN_UNDECLARED_SELECTOR = YES;
				GCC_WARN_UNINITIALIZED_AUTOS = YES_AGGRESSIVE;
				GCC_WARN_UNUSED_FUNCTION = YES;
				GCC_WARN_UNUSED_VARIABLE = YES;
				MACOSX_DEPLOYMENT_TARGET = 10.14;
				MTL_ENABLE_DEBUG_INFO = NO;
				MTL_FAST_MATH = YES;
				SDKROOT = macosx;
				VALIDATE_PRODUCT = YES;
			};
			name = Release;
		};
		2F435682230ECF1D00A89E64 /* Debug */ = {
			isa = XCBuildConfiguration;
			buildSettings = {
				CLANG_CXX_LANGUAGE_STANDARD = "c++0x";
				CODE_SIGN_IDENTITY = "-";
				CODE_SIGN_STYLE = Automatic;
				DEVELOPMENT_TEAM = XH26ZYH4M3;
				FRAMEWORK_SEARCH_PATHS = (
					"$(inherited)",
					"$(LOCAL_LIBRARY_DIR)/Frameworks",
				);
				HEADER_SEARCH_PATHS = "";
				LIBRARY_SEARCH_PATHS = "";
				PRODUCT_NAME = "$(TARGET_NAME)";
			};
			name = Debug;
		};
		2F435683230ECF1D00A89E64 /* Release */ = {
			isa = XCBuildConfiguration;
			buildSettings = {
				CLANG_CXX_LANGUAGE_STANDARD = "c++0x";
				CODE_SIGN_IDENTITY = "-";
				CODE_SIGN_STYLE = Automatic;
				DEVELOPMENT_TEAM = XH26ZYH4M3;
				FRAMEWORK_SEARCH_PATHS = (
					"$(inherited)",
					"$(LOCAL_LIBRARY_DIR)/Frameworks",
				);
				HEADER_SEARCH_PATHS = "";
				LIBRARY_SEARCH_PATHS = "";
				PRODUCT_NAME = "$(TARGET_NAME)";
			};
			name = Release;
		};
		2FA6DF68234CDADF00302427 /* Debug */ = {
			isa = XCBuildConfiguration;
			buildSettings = {
				CLANG_CXX_LANGUAGE_STANDARD = "c++0x";
				CODE_SIGN_IDENTITY = "-";
				CODE_SIGN_STYLE = Automatic;
				DEVELOPMENT_TEAM = XH26ZYH4M3;
				FRAMEWORK_SEARCH_PATHS = (
					"$(inherited)",
					"$(LOCAL_LIBRARY_DIR)/Frameworks",
				);
				HEADER_SEARCH_PATHS = "";
				LIBRARY_SEARCH_PATHS = "";
				PRODUCT_NAME = "$(TARGET_NAME)";
			};
			name = Debug;
		};
		2FA6DF69234CDADF00302427 /* Release */ = {
			isa = XCBuildConfiguration;
			buildSettings = {
				CLANG_CXX_LANGUAGE_STANDARD = "c++0x";
				CODE_SIGN_IDENTITY = "-";
				CODE_SIGN_STYLE = Automatic;
				DEVELOPMENT_TEAM = XH26ZYH4M3;
				FRAMEWORK_SEARCH_PATHS = (
					"$(inherited)",
					"$(LOCAL_LIBRARY_DIR)/Frameworks",
				);
				HEADER_SEARCH_PATHS = "";
				LIBRARY_SEARCH_PATHS = "";
				PRODUCT_NAME = "$(TARGET_NAME)";
			};
			name = Release;
		};
/* End XCBuildConfiguration section */

/* Begin XCConfigurationList section */
		2F435675230ECF1D00A89E64 /* Build configuration list for PBXProject "Jogo-SFML" */ = {
			isa = XCConfigurationList;
			buildConfigurations = (
				2F43567F230ECF1D00A89E64 /* Debug */,
				2F435680230ECF1D00A89E64 /* Release */,
			);
			defaultConfigurationIsVisible = 0;
			defaultConfigurationName = Release;
		};
		2F435681230ECF1D00A89E64 /* Build configuration list for PBXNativeTarget "Jogo-SFML" */ = {
			isa = XCConfigurationList;
			buildConfigurations = (
				2F435682230ECF1D00A89E64 /* Debug */,
				2F435683230ECF1D00A89E64 /* Release */,
			);
			defaultConfigurationIsVisible = 0;
			defaultConfigurationName = Release;
		};
		2FA6DF67234CDADF00302427 /* Build configuration list for PBXNativeTarget "Jogo-SFML ORIGINAL" */ = {
			isa = XCConfigurationList;
			buildConfigurations = (
				2FA6DF68234CDADF00302427 /* Debug */,
				2FA6DF69234CDADF00302427 /* Release */,
			);
			defaultConfigurationIsVisible = 0;
			defaultConfigurationName = Release;
		};
/* End XCConfigurationList section */
	};
	rootObject = 2F435672230ECF1D00A89E64 /* Project object */;
}
