// !$*UTF8*$!
{
	archiveVersion = 1;
	classes = {
	};
	objectVersion = 50;
	objects = {

/* Begin PBXBuildFile section */
		2F43569A230ED21E00A89E64 /* main.cpp in Sources */ = {isa = PBXBuildFile; fileRef = 2F435699230ED21E00A89E64 /* main.cpp */; };
		2F43569C230ED25300A89E64 /* Resources in CopyFiles */ = {isa = PBXBuildFile; fileRef = 2F43569B230ED22500A89E64 /* Resources */; };
		2F4356BB230EDFA500A89E64 /* sfml-window.framework in Frameworks */ = {isa = PBXBuildFile; fileRef = 2F4356B6230EDFA500A89E64 /* sfml-window.framework */; };
		2F4356BC230EDFA500A89E64 /* sfml-graphics.framework in Frameworks */ = {isa = PBXBuildFile; fileRef = 2F4356B7230EDFA500A89E64 /* sfml-graphics.framework */; };
		2F4356BD230EDFA500A89E64 /* sfml-audio.framework in Frameworks */ = {isa = PBXBuildFile; fileRef = 2F4356B8230EDFA500A89E64 /* sfml-audio.framework */; };
		2F4356BE230EDFA500A89E64 /* sfml-network.framework in Frameworks */ = {isa = PBXBuildFile; fileRef = 2F4356B9230EDFA500A89E64 /* sfml-network.framework */; };
		2F4356BF230EDFA500A89E64 /* sfml-system.framework in Frameworks */ = {isa = PBXBuildFile; fileRef = 2F4356BA230EDFA500A89E64 /* sfml-system.framework */; };
		2F4356C1230EDFBE00A89E64 /* SFML.framework in Frameworks */ = {isa = PBXBuildFile; fileRef = 2F4356C0230EDFBE00A89E64 /* SFML.framework */; };
		2F7FBB2B2356149B00794230 /* PhaseAState.cpp in Sources */ = {isa = PBXBuildFile; fileRef = 2F7FBB292356149B00794230 /* PhaseAState.cpp */; };
		2F7FBB2E235614AA00794230 /* PhaseBState.cpp in Sources */ = {isa = PBXBuildFile; fileRef = 2F7FBB2C235614AA00794230 /* PhaseBState.cpp */; };
		2F7FBB31235614B700794230 /* PhaseCState.cpp in Sources */ = {isa = PBXBuildFile; fileRef = 2F7FBB2F235614B700794230 /* PhaseCState.cpp */; };
		2F7FBB342356150600794230 /* Parameters.cpp in Sources */ = {isa = PBXBuildFile; fileRef = 2F7FBB322356150600794230 /* Parameters.cpp */; };
		2F923774235BF7CC00747DCA /* Makefile in Sources */ = {isa = PBXBuildFile; fileRef = 2F92370C235BF7CC00747DCA /* Makefile */; };
		2F923775235BF7CC00747DCA /* tinystr.cpp in Sources */ = {isa = PBXBuildFile; fileRef = 2F92376C235BF7CC00747DCA /* tinystr.cpp */; };
		2F923776235BF7CC00747DCA /* tinyxmlparser.cpp in Sources */ = {isa = PBXBuildFile; fileRef = 2F92376D235BF7CC00747DCA /* tinyxmlparser.cpp */; };
		2F923777235BF7CC00747DCA /* tinyxmlerror.cpp in Sources */ = {isa = PBXBuildFile; fileRef = 2F92376E235BF7CC00747DCA /* tinyxmlerror.cpp */; };
		2F923778235BF7CC00747DCA /* tinyxml.cpp in Sources */ = {isa = PBXBuildFile; fileRef = 2F923772235BF7CC00747DCA /* tinyxml.cpp */; };
		2F92377B235BF7F300747DCA /* level.cpp in Sources */ = {isa = PBXBuildFile; fileRef = 2F923779235BF7F300747DCA /* level.cpp */; };
		2FA6DF48234CC7C100302427 /* MainMenuState.cpp in Sources */ = {isa = PBXBuildFile; fileRef = 2FA6DF46234CC7C100302427 /* MainMenuState.cpp */; };
		2FA6DF4C234CCF7200302427 /* Button.cpp in Sources */ = {isa = PBXBuildFile; fileRef = 2FA6DF4A234CCF7200302427 /* Button.cpp */; };
		2FA6DF4F234CDADF00302427 /* MediaEngineParameters.cpp in Sources */ = {isa = PBXBuildFile; fileRef = 2FDA0BFF234BB3D100E3209D /* MediaEngineParameters.cpp */; };
		2FA6DF50234CDADF00302427 /* Personagem.cpp in Sources */ = {isa = PBXBuildFile; fileRef = 2FDA0BE423492EA600E3209D /* Personagem.cpp */; };
		2FA6DF51234CDADF00302427 /* GameState.cpp in Sources */ = {isa = PBXBuildFile; fileRef = 2FDA0BFC234BADE200E3209D /* GameState.cpp */; };
		2FA6DF52234CDADF00302427 /* Button.cpp in Sources */ = {isa = PBXBuildFile; fileRef = 2FA6DF4A234CCF7200302427 /* Button.cpp */; };
		2FA6DF53234CDADF00302427 /* TexturesHolder.cpp in Sources */ = {isa = PBXBuildFile; fileRef = 2FDA0BF1234A3D9B00E3209D /* TexturesHolder.cpp */; };
		2FA6DF54234CDADF00302427 /* State.cpp in Sources */ = {isa = PBXBuildFile; fileRef = 2FDA0BF9234BADD000E3209D /* State.cpp */; };
		2FA6DF55234CDADF00302427 /* MediaEngine.cpp in Sources */ = {isa = PBXBuildFile; fileRef = 2FDA0BD42346BF5F00E3209D /* MediaEngine.cpp */; };
		2FA6DF56234CDADF00302427 /* Jogador.cpp in Sources */ = {isa = PBXBuildFile; fileRef = 2FDA0BDB2349265500E3209D /* Jogador.cpp */; };
		2FA6DF57234CDADF00302427 /* Obstaculo.cpp in Sources */ = {isa = PBXBuildFile; fileRef = 2FDA0BED234A3C7900E3209D /* Obstaculo.cpp */; };
		2FA6DF58234CDADF00302427 /* Inimigo.cpp in Sources */ = {isa = PBXBuildFile; fileRef = 2FDA0BDE2349266200E3209D /* Inimigo.cpp */; };
		2FA6DF59234CDADF00302427 /* Jogo.cpp in Sources */ = {isa = PBXBuildFile; fileRef = 2FDA0BD12346BE8F00E3209D /* Jogo.cpp */; };
		2FA6DF5A234CDADF00302427 /* main.cpp in Sources */ = {isa = PBXBuildFile; fileRef = 2F435699230ED21E00A89E64 /* main.cpp */; };
		2FA6DF5B234CDADF00302427 /* MainMenuState.cpp in Sources */ = {isa = PBXBuildFile; fileRef = 2FA6DF46234CC7C100302427 /* MainMenuState.cpp */; };
		2FA6DF5C234CDADF00302427 /* Entidade.cpp in Sources */ = {isa = PBXBuildFile; fileRef = 2FDA0BD82349264500E3209D /* Entidade.cpp */; };
		2FA6DF5E234CDADF00302427 /* SFML.framework in Frameworks */ = {isa = PBXBuildFile; fileRef = 2F4356C0230EDFBE00A89E64 /* SFML.framework */; };
		2FA6DF5F234CDADF00302427 /* sfml-window.framework in Frameworks */ = {isa = PBXBuildFile; fileRef = 2F4356B6230EDFA500A89E64 /* sfml-window.framework */; };
		2FA6DF60234CDADF00302427 /* sfml-graphics.framework in Frameworks */ = {isa = PBXBuildFile; fileRef = 2F4356B7230EDFA500A89E64 /* sfml-graphics.framework */; };
		2FA6DF61234CDADF00302427 /* sfml-audio.framework in Frameworks */ = {isa = PBXBuildFile; fileRef = 2F4356B8230EDFA500A89E64 /* sfml-audio.framework */; };
		2FA6DF62234CDADF00302427 /* sfml-network.framework in Frameworks */ = {isa = PBXBuildFile; fileRef = 2F4356B9230EDFA500A89E64 /* sfml-network.framework */; };
		2FA6DF63234CDADF00302427 /* sfml-system.framework in Frameworks */ = {isa = PBXBuildFile; fileRef = 2F4356BA230EDFA500A89E64 /* sfml-system.framework */; };
		2FA6DF66234CDADF00302427 /* Resources in CopyFiles */ = {isa = PBXBuildFile; fileRef = 2F43569B230ED22500A89E64 /* Resources */; };
		2FA6DF6F234F940E00302427 /* MoveComponent.cpp in Sources */ = {isa = PBXBuildFile; fileRef = 2FA6DF6D234F940E00302427 /* MoveComponent.cpp */; };
		2FDA0BD32346BE8F00E3209D /* Jogo.cpp in Sources */ = {isa = PBXBuildFile; fileRef = 2FDA0BD12346BE8F00E3209D /* Jogo.cpp */; };
		2FDA0BD62346BF5F00E3209D /* MediaEngine.cpp in Sources */ = {isa = PBXBuildFile; fileRef = 2FDA0BD42346BF5F00E3209D /* MediaEngine.cpp */; };
		2FDA0BDA2349264500E3209D /* Entidade.cpp in Sources */ = {isa = PBXBuildFile; fileRef = 2FDA0BD82349264500E3209D /* Entidade.cpp */; };
		2FDA0BDD2349265500E3209D /* Jogador.cpp in Sources */ = {isa = PBXBuildFile; fileRef = 2FDA0BDB2349265500E3209D /* Jogador.cpp */; };
		2FDA0BE02349266200E3209D /* Inimigo.cpp in Sources */ = {isa = PBXBuildFile; fileRef = 2FDA0BDE2349266200E3209D /* Inimigo.cpp */; };
		2FDA0BE623492EA600E3209D /* Personagem.cpp in Sources */ = {isa = PBXBuildFile; fileRef = 2FDA0BE423492EA600E3209D /* Personagem.cpp */; };
		2FDA0BEF234A3C7900E3209D /* Obstaculo.cpp in Sources */ = {isa = PBXBuildFile; fileRef = 2FDA0BED234A3C7900E3209D /* Obstaculo.cpp */; };
		2FDA0BF3234A3D9B00E3209D /* TexturesHolder.cpp in Sources */ = {isa = PBXBuildFile; fileRef = 2FDA0BF1234A3D9B00E3209D /* TexturesHolder.cpp */; };
		2FDA0BFB234BADD000E3209D /* State.cpp in Sources */ = {isa = PBXBuildFile; fileRef = 2FDA0BF9234BADD000E3209D /* State.cpp */; };
		2FDA0BFE234BADE200E3209D /* GameState.cpp in Sources */ = {isa = PBXBuildFile; fileRef = 2FDA0BFC234BADE200E3209D /* GameState.cpp */; };
		2FDA0C01234BB3D100E3209D /* MediaEngineParameters.cpp in Sources */ = {isa = PBXBuildFile; fileRef = 2FDA0BFF234BB3D100E3209D /* MediaEngineParameters.cpp */; };
/* End PBXBuildFile section */

/* Begin PBXCopyFilesBuildPhase section */
		2F435678230ECF1D00A89E64 /* CopyFiles */ = {
			isa = PBXCopyFilesBuildPhase;
			buildActionMask = 2147483647;
			dstPath = /usr/share/man/man1/;
			dstSubfolderSpec = 0;
			files = (
			);
			runOnlyForDeploymentPostprocessing = 1;
		};
		2F43568B230ED0F200A89E64 /* CopyFiles */ = {
			isa = PBXCopyFilesBuildPhase;
			buildActionMask = 2147483647;
			dstPath = "";
			dstSubfolderSpec = 7;
			files = (
				2F43569C230ED25300A89E64 /* Resources in CopyFiles */,
			);
			runOnlyForDeploymentPostprocessing = 0;
		};
		2FA6DF64234CDADF00302427 /* CopyFiles */ = {
			isa = PBXCopyFilesBuildPhase;
			buildActionMask = 2147483647;
			dstPath = /usr/share/man/man1/;
			dstSubfolderSpec = 0;
			files = (
			);
			runOnlyForDeploymentPostprocessing = 1;
		};
		2FA6DF65234CDADF00302427 /* CopyFiles */ = {
			isa = PBXCopyFilesBuildPhase;
			buildActionMask = 2147483647;
			dstPath = "";
			dstSubfolderSpec = 7;
			files = (
				2FA6DF66234CDADF00302427 /* Resources in CopyFiles */,
			);
			runOnlyForDeploymentPostprocessing = 0;
		};
/* End PBXCopyFilesBuildPhase section */

/* Begin PBXFileReference section */
		2F43567A230ECF1D00A89E64 /* Jogo-SFML */ = {isa = PBXFileReference; explicitFileType = "compiled.mach-o.executable"; includeInIndex = 0; path = "Jogo-SFML"; sourceTree = BUILT_PRODUCTS_DIR; };
		2F43568E230ED17600A89E64 /* libsfml-system.2.5.1.dylib */ = {isa = PBXFileReference; lastKnownFileType = "compiled.mach-o.dylib"; name = "libsfml-system.2.5.1.dylib"; path = "../../../External-Libraries/Mac/SFML-2.5.1/lib/libsfml-system.2.5.1.dylib"; sourceTree = "<group>"; };
		2F43568F230ED17600A89E64 /* libsfml-network.2.5.1.dylib */ = {isa = PBXFileReference; lastKnownFileType = "compiled.mach-o.dylib"; name = "libsfml-network.2.5.1.dylib"; path = "../../../External-Libraries/Mac/SFML-2.5.1/lib/libsfml-network.2.5.1.dylib"; sourceTree = "<group>"; };
		2F435690230ED17600A89E64 /* libsfml-audio.2.5.1.dylib */ = {isa = PBXFileReference; lastKnownFileType = "compiled.mach-o.dylib"; name = "libsfml-audio.2.5.1.dylib"; path = "../../../External-Libraries/Mac/SFML-2.5.1/lib/libsfml-audio.2.5.1.dylib"; sourceTree = "<group>"; };
		2F435691230ED17600A89E64 /* libsfml-window.2.5.1.dylib */ = {isa = PBXFileReference; lastKnownFileType = "compiled.mach-o.dylib"; name = "libsfml-window.2.5.1.dylib"; path = "../../../External-Libraries/Mac/SFML-2.5.1/lib/libsfml-window.2.5.1.dylib"; sourceTree = "<group>"; };
		2F435692230ED17600A89E64 /* libsfml-graphics.2.5.1.dylib */ = {isa = PBXFileReference; lastKnownFileType = "compiled.mach-o.dylib"; name = "libsfml-graphics.2.5.1.dylib"; path = "../../../External-Libraries/Mac/SFML-2.5.1/lib/libsfml-graphics.2.5.1.dylib"; sourceTree = "<group>"; };
		2F435699230ED21E00A89E64 /* main.cpp */ = {isa = PBXFileReference; fileEncoding = 4; lastKnownFileType = sourcecode.cpp.cpp; path = main.cpp; sourceTree = "<group>"; };
		2F43569B230ED22500A89E64 /* Resources */ = {isa = PBXFileReference; lastKnownFileType = folder; name = Resources; path = ../../../Resources; sourceTree = "<group>"; };
		2F43569D230ED37B00A89E64 /* libsfml-window.2.5.1.dylib */ = {isa = PBXFileReference; lastKnownFileType = "compiled.mach-o.dylib"; name = "libsfml-window.2.5.1.dylib"; path = "../../External-Libraries/Mac/SFML-2.5.1/lib/libsfml-window.2.5.1.dylib"; sourceTree = "<group>"; };
		2F43569E230ED37B00A89E64 /* libsfml-audio.2.5.1.dylib */ = {isa = PBXFileReference; lastKnownFileType = "compiled.mach-o.dylib"; name = "libsfml-audio.2.5.1.dylib"; path = "../../External-Libraries/Mac/SFML-2.5.1/lib/libsfml-audio.2.5.1.dylib"; sourceTree = "<group>"; };
		2F43569F230ED37B00A89E64 /* libsfml-network.2.5.1.dylib */ = {isa = PBXFileReference; lastKnownFileType = "compiled.mach-o.dylib"; name = "libsfml-network.2.5.1.dylib"; path = "../../External-Libraries/Mac/SFML-2.5.1/lib/libsfml-network.2.5.1.dylib"; sourceTree = "<group>"; };
		2F4356A0230ED37B00A89E64 /* libsfml-system.2.5.1.dylib */ = {isa = PBXFileReference; lastKnownFileType = "compiled.mach-o.dylib"; name = "libsfml-system.2.5.1.dylib"; path = "../../External-Libraries/Mac/SFML-2.5.1/lib/libsfml-system.2.5.1.dylib"; sourceTree = "<group>"; };
		2F4356A1230ED37B00A89E64 /* libsfml-graphics.2.5.1.dylib */ = {isa = PBXFileReference; lastKnownFileType = "compiled.mach-o.dylib"; name = "libsfml-graphics.2.5.1.dylib"; path = "../../External-Libraries/Mac/SFML-2.5.1/lib/libsfml-graphics.2.5.1.dylib"; sourceTree = "<group>"; };
		2F4356AC230EDD4400A89E64 /* libsfml-network.2.5.1.dylib */ = {isa = PBXFileReference; lastKnownFileType = "compiled.mach-o.dylib"; name = "libsfml-network.2.5.1.dylib"; path = "External-Libraries/SFML/lib/libsfml-network.2.5.1.dylib"; sourceTree = "<group>"; };
		2F4356AD230EDD4400A89E64 /* libsfml-audio.2.5.1.dylib */ = {isa = PBXFileReference; lastKnownFileType = "compiled.mach-o.dylib"; name = "libsfml-audio.2.5.1.dylib"; path = "External-Libraries/SFML/lib/libsfml-audio.2.5.1.dylib"; sourceTree = "<group>"; };
		2F4356AE230EDD4400A89E64 /* libsfml-graphics.2.5.1.dylib */ = {isa = PBXFileReference; lastKnownFileType = "compiled.mach-o.dylib"; name = "libsfml-graphics.2.5.1.dylib"; path = "External-Libraries/SFML/lib/libsfml-graphics.2.5.1.dylib"; sourceTree = "<group>"; };
		2F4356AF230EDD4400A89E64 /* libsfml-system.2.5.1.dylib */ = {isa = PBXFileReference; lastKnownFileType = "compiled.mach-o.dylib"; name = "libsfml-system.2.5.1.dylib"; path = "External-Libraries/SFML/lib/libsfml-system.2.5.1.dylib"; sourceTree = "<group>"; };
		2F4356B0230EDD4400A89E64 /* libsfml-window.2.5.1.dylib */ = {isa = PBXFileReference; lastKnownFileType = "compiled.mach-o.dylib"; name = "libsfml-window.2.5.1.dylib"; path = "External-Libraries/SFML/lib/libsfml-window.2.5.1.dylib"; sourceTree = "<group>"; };
		2F4356B6230EDFA500A89E64 /* sfml-window.framework */ = {isa = PBXFileReference; lastKnownFileType = wrapper.framework; name = "sfml-window.framework"; path = "../../../../../../../Library/Frameworks/sfml-window.framework"; sourceTree = "<group>"; };
		2F4356B7230EDFA500A89E64 /* sfml-graphics.framework */ = {isa = PBXFileReference; lastKnownFileType = wrapper.framework; name = "sfml-graphics.framework"; path = "../../../../../../../Library/Frameworks/sfml-graphics.framework"; sourceTree = "<group>"; };
		2F4356B8230EDFA500A89E64 /* sfml-audio.framework */ = {isa = PBXFileReference; lastKnownFileType = wrapper.framework; name = "sfml-audio.framework"; path = "../../../../../../../Library/Frameworks/sfml-audio.framework"; sourceTree = "<group>"; };
		2F4356B9230EDFA500A89E64 /* sfml-network.framework */ = {isa = PBXFileReference; lastKnownFileType = wrapper.framework; name = "sfml-network.framework"; path = "../../../../../../../Library/Frameworks/sfml-network.framework"; sourceTree = "<group>"; };
		2F4356BA230EDFA500A89E64 /* sfml-system.framework */ = {isa = PBXFileReference; lastKnownFileType = wrapper.framework; name = "sfml-system.framework"; path = "../../../../../../../Library/Frameworks/sfml-system.framework"; sourceTree = "<group>"; };
		2F4356C0230EDFBE00A89E64 /* SFML.framework */ = {isa = PBXFileReference; lastKnownFileType = wrapper.framework; name = SFML.framework; path = ../../../../../../../Library/Frameworks/SFML.framework; sourceTree = "<group>"; };
		2F7FBB292356149B00794230 /* PhaseAState.cpp */ = {isa = PBXFileReference; lastKnownFileType = sourcecode.cpp.cpp; path = PhaseAState.cpp; sourceTree = "<group>"; };
		2F7FBB2A2356149B00794230 /* PhaseAState.hpp */ = {isa = PBXFileReference; lastKnownFileType = sourcecode.cpp.h; path = PhaseAState.hpp; sourceTree = "<group>"; };
		2F7FBB2C235614AA00794230 /* PhaseBState.cpp */ = {isa = PBXFileReference; lastKnownFileType = sourcecode.cpp.cpp; path = PhaseBState.cpp; sourceTree = "<group>"; };
		2F7FBB2D235614AA00794230 /* PhaseBState.hpp */ = {isa = PBXFileReference; lastKnownFileType = sourcecode.cpp.h; path = PhaseBState.hpp; sourceTree = "<group>"; };
		2F7FBB2F235614B700794230 /* PhaseCState.cpp */ = {isa = PBXFileReference; lastKnownFileType = sourcecode.cpp.cpp; path = PhaseCState.cpp; sourceTree = "<group>"; };
		2F7FBB30235614B700794230 /* PhaseCState.hpp */ = {isa = PBXFileReference; lastKnownFileType = sourcecode.cpp.h; path = PhaseCState.hpp; sourceTree = "<group>"; };
		2F7FBB322356150600794230 /* Parameters.cpp */ = {isa = PBXFileReference; lastKnownFileType = sourcecode.cpp.cpp; path = Parameters.cpp; sourceTree = "<group>"; };
		2F7FBB332356150600794230 /* Parameters.hpp */ = {isa = PBXFileReference; lastKnownFileType = sourcecode.cpp.h; path = Parameters.hpp; sourceTree = "<group>"; };
		2F923709235BF7CC00747DCA /* tinyxml.h */ = {isa = PBXFileReference; fileEncoding = 4; lastKnownFileType = sourcecode.c.h; path = tinyxml.h; sourceTree = "<group>"; };
		2F92370B235BF7CC00747DCA /* tinyxml_lib.vcxproj */ = {isa = PBXFileReference; fileEncoding = 4; lastKnownFileType = text.xml; path = tinyxml_lib.vcxproj; sourceTree = "<group>"; };
		2F92370C235BF7CC00747DCA /* Makefile */ = {isa = PBXFileReference; fileEncoding = 4; lastKnownFileType = sourcecode.make; path = Makefile; sourceTree = "<group>"; };
		2F92370D235BF7CC00747DCA /* tinystr.h */ = {isa = PBXFileReference; fileEncoding = 4; lastKnownFileType = sourcecode.c.h; path = tinystr.h; sourceTree = "<group>"; };
		2F92370E235BF7CC00747DCA /* utf8test.xml */ = {isa = PBXFileReference; fileEncoding = 4; lastKnownFileType = text.xml; path = utf8test.xml; sourceTree = "<group>"; };
		2F92370F235BF7CC00747DCA /* tinyxmlSTL.vcxproj */ = {isa = PBXFileReference; fileEncoding = 4; lastKnownFileType = text.xml; path = tinyxmlSTL.vcxproj; sourceTree = "<group>"; };
		2F923710235BF7CC00747DCA /* tinyXmlTestSTL.vcxproj */ = {isa = PBXFileReference; fileEncoding = 4; lastKnownFileType = text.xml; path = tinyXmlTestSTL.vcxproj; sourceTree = "<group>"; };
		2F923712235BF7CC00747DCA /* classTiXmlPrinter.png */ = {isa = PBXFileReference; lastKnownFileType = image.png; path = classTiXmlPrinter.png; sourceTree = "<group>"; };
		2F923713235BF7CC00747DCA /* functions_0x69.html */ = {isa = PBXFileReference; fileEncoding = 4; lastKnownFileType = text.html; path = functions_0x69.html; sourceTree = "<group>"; };
		2F923714235BF7CC00747DCA /* functions_func_0x66.html */ = {isa = PBXFileReference; fileEncoding = 4; lastKnownFileType = text.html; path = functions_func_0x66.html; sourceTree = "<group>"; };
		2F923715235BF7CC00747DCA /* functions_func_0x70.html */ = {isa = PBXFileReference; fileEncoding = 4; lastKnownFileType = text.html; path = functions_func_0x70.html; sourceTree = "<group>"; };
		2F923716235BF7CC00747DCA /* doxygen.css */ = {isa = PBXFileReference; fileEncoding = 4; lastKnownFileType = text.css; path = doxygen.css; sourceTree = "<group>"; };
		2F923717235BF7CC00747DCA /* functions_0x73.html */ = {isa = PBXFileReference; fileEncoding = 4; lastKnownFileType = text.html; path = functions_0x73.html; sourceTree = "<group>"; };
		2F923718235BF7CC00747DCA /* tab_l.gif */ = {isa = PBXFileReference; lastKnownFileType = image.gif; path = tab_l.gif; sourceTree = "<group>"; };
		2F923719235BF7CC00747DCA /* functions_0x65.html */ = {isa = PBXFileReference; fileEncoding = 4; lastKnownFileType = text.html; path = functions_0x65.html; sourceTree = "<group>"; };
		2F92371A235BF7CC00747DCA /* pages.html */ = {isa = PBXFileReference; fileEncoding = 4; lastKnownFileType = text.html; path = pages.html; sourceTree = "<group>"; };
		2F92371B235BF7CC00747DCA /* classTiXmlComment.html */ = {isa = PBXFileReference; fileEncoding = 4; lastKnownFileType = text.html; path = classTiXmlComment.html; sourceTree = "<group>"; };
		2F92371C235BF7CC00747DCA /* classTiXmlDeclaration.png */ = {isa = PBXFileReference; lastKnownFileType = image.png; path = classTiXmlDeclaration.png; sourceTree = "<group>"; };
		2F92371D235BF7CC00747DCA /* classTiXmlAttribute.html */ = {isa = PBXFileReference; fileEncoding = 4; lastKnownFileType = text.html; path = classTiXmlAttribute.html; sourceTree = "<group>"; };
		2F92371E235BF7CC00747DCA /* index.html */ = {isa = PBXFileReference; fileEncoding = 4; lastKnownFileType = text.html; path = index.html; sourceTree = "<group>"; };
		2F92371F235BF7CC00747DCA /* classTiXmlDocument-members.html */ = {isa = PBXFileReference; fileEncoding = 4; lastKnownFileType = text.html; path = "classTiXmlDocument-members.html"; sourceTree = "<group>"; };
		2F923720235BF7CC00747DCA /* functions.html */ = {isa = PBXFileReference; fileEncoding = 4; lastKnownFileType = text.html; path = functions.html; sourceTree = "<group>"; };
		2F923721235BF7CC00747DCA /* functions_0x64.html */ = {isa = PBXFileReference; fileEncoding = 4; lastKnownFileType = text.html; path = functions_0x64.html; sourceTree = "<group>"; };
		2F923722235BF7CC00747DCA /* functions_0x72.html */ = {isa = PBXFileReference; fileEncoding = 4; lastKnownFileType = text.html; path = functions_0x72.html; sourceTree = "<group>"; };
		2F923723235BF7CC00747DCA /* classTiXmlAttribute-members.html */ = {isa = PBXFileReference; fileEncoding = 4; lastKnownFileType = text.html; path = "classTiXmlAttribute-members.html"; sourceTree = "<group>"; };
		2F923724235BF7CC00747DCA /* functions_func_0x71.html */ = {isa = PBXFileReference; fileEncoding = 4; lastKnownFileType = text.html; path = functions_func_0x71.html; sourceTree = "<group>"; };
		2F923725235BF7CC00747DCA /* functions_func_0x67.html */ = {isa = PBXFileReference; fileEncoding = 4; lastKnownFileType = text.html; path = functions_func_0x67.html; sourceTree = "<group>"; };
		2F923726235BF7CC00747DCA /* classTiXmlHandle.html */ = {isa = PBXFileReference; fileEncoding = 4; lastKnownFileType = text.html; path = classTiXmlHandle.html; sourceTree = "<group>"; };
		2F923727235BF7CC00747DCA /* functions_0x6c.html */ = {isa = PBXFileReference; fileEncoding = 4; lastKnownFileType = text.html; path = functions_0x6c.html; sourceTree = "<group>"; };
		2F923728235BF7CC00747DCA /* annotated.html */ = {isa = PBXFileReference; fileEncoding = 4; lastKnownFileType = text.html; path = annotated.html; sourceTree = "<group>"; };
		2F923729235BF7CC00747DCA /* hierarchy.html */ = {isa = PBXFileReference; fileEncoding = 4; lastKnownFileType = text.html; path = hierarchy.html; sourceTree = "<group>"; };
		2F92372A235BF7CC00747DCA /* functions_0x75.html */ = {isa = PBXFileReference; fileEncoding = 4; lastKnownFileType = text.html; path = functions_0x75.html; sourceTree = "<group>"; };
		2F92372B235BF7CC00747DCA /* functions_0x63.html */ = {isa = PBXFileReference; fileEncoding = 4; lastKnownFileType = text.html; path = functions_0x63.html; sourceTree = "<group>"; };
		2F92372C235BF7CC00747DCA /* classTiXmlComment.png */ = {isa = PBXFileReference; lastKnownFileType = image.png; path = classTiXmlComment.png; sourceTree = "<group>"; };
		2F92372D235BF7CC00747DCA /* tabs.css */ = {isa = PBXFileReference; fileEncoding = 4; lastKnownFileType = text.css; path = tabs.css; sourceTree = "<group>"; };
		2F92372E235BF7CC00747DCA /* classTiXmlElement-members.html */ = {isa = PBXFileReference; fileEncoding = 4; lastKnownFileType = text.html; path = "classTiXmlElement-members.html"; sourceTree = "<group>"; };
		2F92372F235BF7CC00747DCA /* classTiXmlBase.html */ = {isa = PBXFileReference; fileEncoding = 4; lastKnownFileType = text.html; path = classTiXmlBase.html; sourceTree = "<group>"; };
		2F923730235BF7CC00747DCA /* doxygen.png */ = {isa = PBXFileReference; lastKnownFileType = image.png; path = doxygen.png; sourceTree = "<group>"; };
		2F923731235BF7CC00747DCA /* classTiXmlPrinter.html */ = {isa = PBXFileReference; fileEncoding = 4; lastKnownFileType = text.html; path = classTiXmlPrinter.html; sourceTree = "<group>"; };
		2F923732235BF7CC00747DCA /* functions_vars.html */ = {isa = PBXFileReference; fileEncoding = 4; lastKnownFileType = text.html; path = functions_vars.html; sourceTree = "<group>"; };
		2F923733235BF7CC00747DCA /* functions_enum.html */ = {isa = PBXFileReference; fileEncoding = 4; lastKnownFileType = text.html; path = functions_enum.html; sourceTree = "<group>"; };
		2F923734235BF7CC00747DCA /* functions_func_0x76.html */ = {isa = PBXFileReference; fileEncoding = 4; lastKnownFileType = text.html; path = functions_func_0x76.html; sourceTree = "<group>"; };
		2F923735235BF7CC00747DCA /* deprecated.html */ = {isa = PBXFileReference; fileEncoding = 4; lastKnownFileType = text.html; path = deprecated.html; sourceTree = "<group>"; };
		2F923736235BF7CC00747DCA /* classTiXmlUnknown-members.html */ = {isa = PBXFileReference; fileEncoding = 4; lastKnownFileType = text.html; path = "classTiXmlUnknown-members.html"; sourceTree = "<group>"; };
		2F923737235BF7CC00747DCA /* files.html */ = {isa = PBXFileReference; fileEncoding = 4; lastKnownFileType = text.html; path = files.html; sourceTree = "<group>"; };
		2F923738235BF7CC00747DCA /* functions_0x6e.html */ = {isa = PBXFileReference; fileEncoding = 4; lastKnownFileType = text.html; path = functions_0x6e.html; sourceTree = "<group>"; };
		2F923739235BF7CC00747DCA /* classTiXmlNode.html */ = {isa = PBXFileReference; fileEncoding = 4; lastKnownFileType = text.html; path = classTiXmlNode.html; sourceTree = "<group>"; };
		2F92373A235BF7CC00747DCA /* classTiXmlText.html */ = {isa = PBXFileReference; fileEncoding = 4; lastKnownFileType = text.html; path = classTiXmlText.html; sourceTree = "<group>"; };
		2F92373B235BF7CC00747DCA /* functions_func.html */ = {isa = PBXFileReference; fileEncoding = 4; lastKnownFileType = text.html; path = functions_func.html; sourceTree = "<group>"; };
		2F92373C235BF7CC00747DCA /* classTiXmlText-members.html */ = {isa = PBXFileReference; fileEncoding = 4; lastKnownFileType = text.html; path = "classTiXmlText-members.html"; sourceTree = "<group>"; };
		2F92373D235BF7CC00747DCA /* functions_0x74.html */ = {isa = PBXFileReference; fileEncoding = 4; lastKnownFileType = text.html; path = functions_0x74.html; sourceTree = "<group>"; };
		2F92373E235BF7CC00747DCA /* functions_func_0x6e.html */ = {isa = PBXFileReference; fileEncoding = 4; lastKnownFileType = text.html; path = functions_func_0x6e.html; sourceTree = "<group>"; };
		2F92373F235BF7CC00747DCA /* functions_func_0x74.html */ = {isa = PBXFileReference; fileEncoding = 4; lastKnownFileType = text.html; path = functions_func_0x74.html; sourceTree = "<group>"; };
		2F923740235BF7CC00747DCA /* functions_0x6f.html */ = {isa = PBXFileReference; fileEncoding = 4; lastKnownFileType = text.html; path = functions_0x6f.html; sourceTree = "<group>"; };
		2F923741235BF7CC00747DCA /* classTiXmlComment-members.html */ = {isa = PBXFileReference; fileEncoding = 4; lastKnownFileType = text.html; path = "classTiXmlComment-members.html"; sourceTree = "<group>"; };
		2F923742235BF7CC00747DCA /* classTiXmlText.png */ = {isa = PBXFileReference; lastKnownFileType = image.png; path = classTiXmlText.png; sourceTree = "<group>"; };
		2F923743235BF7CC00747DCA /* classTiXmlAttribute.png */ = {isa = PBXFileReference; lastKnownFileType = image.png; path = classTiXmlAttribute.png; sourceTree = "<group>"; };
		2F923744235BF7CC00747DCA /* classTiXmlDocument.html */ = {isa = PBXFileReference; fileEncoding = 4; lastKnownFileType = text.html; path = classTiXmlDocument.html; sourceTree = "<group>"; };
		2F923745235BF7CC00747DCA /* classTiXmlVisitor-members.html */ = {isa = PBXFileReference; fileEncoding = 4; lastKnownFileType = text.html; path = "classTiXmlVisitor-members.html"; sourceTree = "<group>"; };
		2F923746235BF7CC00747DCA /* functions_func_0x63.html */ = {isa = PBXFileReference; fileEncoding = 4; lastKnownFileType = text.html; path = functions_func_0x63.html; sourceTree = "<group>"; };
		2F923747235BF7CC00747DCA /* classTiXmlElement.html */ = {isa = PBXFileReference; fileEncoding = 4; lastKnownFileType = text.html; path = classTiXmlElement.html; sourceTree = "<group>"; };
		2F923748235BF7CC00747DCA /* classTiXmlDeclaration-members.html */ = {isa = PBXFileReference; fileEncoding = 4; lastKnownFileType = text.html; path = "classTiXmlDeclaration-members.html"; sourceTree = "<group>"; };
		2F923749235BF7CC00747DCA /* functions_func_0x75.html */ = {isa = PBXFileReference; fileEncoding = 4; lastKnownFileType = text.html; path = functions_func_0x75.html; sourceTree = "<group>"; };
		2F92374A235BF7CC00747DCA /* classTiXmlBase-members.html */ = {isa = PBXFileReference; fileEncoding = 4; lastKnownFileType = text.html; path = "classTiXmlBase-members.html"; sourceTree = "<group>"; };
		2F92374B235BF7CC00747DCA /* functions_0x76.html */ = {isa = PBXFileReference; fileEncoding = 4; lastKnownFileType = text.html; path = functions_0x76.html; sourceTree = "<group>"; };
		2F92374C235BF7CC00747DCA /* classTiXmlUnknown.png */ = {isa = PBXFileReference; lastKnownFileType = image.png; path = classTiXmlUnknown.png; sourceTree = "<group>"; };
		2F92374D235BF7CC00747DCA /* classTiXmlDocument.png */ = {isa = PBXFileReference; lastKnownFileType = image.png; path = classTiXmlDocument.png; sourceTree = "<group>"; };
		2F92374E235BF7CC00747DCA /* classes.html */ = {isa = PBXFileReference; fileEncoding = 4; lastKnownFileType = text.html; path = classes.html; sourceTree = "<group>"; };
		2F92374F235BF7CC00747DCA /* functions_func_0x72.html */ = {isa = PBXFileReference; fileEncoding = 4; lastKnownFileType = text.html; path = functions_func_0x72.html; sourceTree = "<group>"; };
		2F923750235BF7CC00747DCA /* classTiXmlDeclaration.html */ = {isa = PBXFileReference; fileEncoding = 4; lastKnownFileType = text.html; path = classTiXmlDeclaration.html; sourceTree = "<group>"; };
		2F923751235BF7CC00747DCA /* tinystr_8h_source.html */ = {isa = PBXFileReference; fileEncoding = 4; lastKnownFileType = text.html; path = tinystr_8h_source.html; sourceTree = "<group>"; };
		2F923752235BF7CC00747DCA /* functions_func_0x64.html */ = {isa = PBXFileReference; fileEncoding = 4; lastKnownFileType = text.html; path = functions_func_0x64.html; sourceTree = "<group>"; };
		2F923753235BF7CC00747DCA /* tab_r.gif */ = {isa = PBXFileReference; lastKnownFileType = image.gif; path = tab_r.gif; sourceTree = "<group>"; };
		2F923754235BF7CC00747DCA /* functions_func_0x6c.html */ = {isa = PBXFileReference; fileEncoding = 4; lastKnownFileType = text.html; path = functions_func_0x6c.html; sourceTree = "<group>"; };
		2F923755235BF7CC00747DCA /* functions_0x67.html */ = {isa = PBXFileReference; fileEncoding = 4; lastKnownFileType = text.html; path = functions_0x67.html; sourceTree = "<group>"; };
		2F923756235BF7CC00747DCA /* functions_0x71.html */ = {isa = PBXFileReference; fileEncoding = 4; lastKnownFileType = text.html; path = functions_0x71.html; sourceTree = "<group>"; };
		2F923757235BF7CC00747DCA /* classTiXmlNode.png */ = {isa = PBXFileReference; lastKnownFileType = image.png; path = classTiXmlNode.png; sourceTree = "<group>"; };
		2F923758235BF7CC00747DCA /* tinyxml_8h_source.html */ = {isa = PBXFileReference; fileEncoding = 4; lastKnownFileType = text.html; path = tinyxml_8h_source.html; sourceTree = "<group>"; };
		2F923759235BF7CC00747DCA /* classTiXmlHandle-members.html */ = {isa = PBXFileReference; fileEncoding = 4; lastKnownFileType = text.html; path = "classTiXmlHandle-members.html"; sourceTree = "<group>"; };
		2F92375A235BF7CC00747DCA /* functions_0x70.html */ = {isa = PBXFileReference; fileEncoding = 4; lastKnownFileType = text.html; path = functions_0x70.html; sourceTree = "<group>"; };
		2F92375B235BF7CC00747DCA /* functions_0x66.html */ = {isa = PBXFileReference; fileEncoding = 4; lastKnownFileType = text.html; path = functions_0x66.html; sourceTree = "<group>"; };
		2F92375C235BF7CC00747DCA /* classTiXmlNode-members.html */ = {isa = PBXFileReference; fileEncoding = 4; lastKnownFileType = text.html; path = "classTiXmlNode-members.html"; sourceTree = "<group>"; };
		2F92375D235BF7CC00747DCA /* functions_func_0x69.html */ = {isa = PBXFileReference; fileEncoding = 4; lastKnownFileType = text.html; path = functions_func_0x69.html; sourceTree = "<group>"; };
		2F92375E235BF7CC00747DCA /* classTiXmlUnknown.html */ = {isa = PBXFileReference; fileEncoding = 4; lastKnownFileType = text.html; path = classTiXmlUnknown.html; sourceTree = "<group>"; };
		2F92375F235BF7CC00747DCA /* tutorial0.html */ = {isa = PBXFileReference; fileEncoding = 4; lastKnownFileType = text.html; path = tutorial0.html; sourceTree = "<group>"; };
		2F923760235BF7CC00747DCA /* classTiXmlPrinter-members.html */ = {isa = PBXFileReference; fileEncoding = 4; lastKnownFileType = text.html; path = "classTiXmlPrinter-members.html"; sourceTree = "<group>"; };
		2F923761235BF7CC00747DCA /* functions_rela.html */ = {isa = PBXFileReference; fileEncoding = 4; lastKnownFileType = text.html; path = functions_rela.html; sourceTree = "<group>"; };
		2F923762235BF7CC00747DCA /* classTiXmlElement.png */ = {isa = PBXFileReference; lastKnownFileType = image.png; path = classTiXmlElement.png; sourceTree = "<group>"; };
		2F923763235BF7CC00747DCA /* functions_func_0x65.html */ = {isa = PBXFileReference; fileEncoding = 4; lastKnownFileType = text.html; path = functions_func_0x65.html; sourceTree = "<group>"; };
		2F923764235BF7CC00747DCA /* classTiXmlVisitor.html */ = {isa = PBXFileReference; fileEncoding = 4; lastKnownFileType = text.html; path = classTiXmlVisitor.html; sourceTree = "<group>"; };
		2F923765235BF7CC00747DCA /* classTiXmlBase.png */ = {isa = PBXFileReference; lastKnownFileType = image.png; path = classTiXmlBase.png; sourceTree = "<group>"; };
		2F923766235BF7CC00747DCA /* tab_b.gif */ = {isa = PBXFileReference; lastKnownFileType = image.gif; path = tab_b.gif; sourceTree = "<group>"; };
		2F923767235BF7CC00747DCA /* classTiXmlVisitor.png */ = {isa = PBXFileReference; lastKnownFileType = image.png; path = classTiXmlVisitor.png; sourceTree = "<group>"; };
		2F923768235BF7CC00747DCA /* functions_func_0x73.html */ = {isa = PBXFileReference; fileEncoding = 4; lastKnownFileType = text.html; path = functions_func_0x73.html; sourceTree = "<group>"; };
		2F923769235BF7CC00747DCA /* changes.txt */ = {isa = PBXFileReference; fileEncoding = 4; lastKnownFileType = text; path = changes.txt; sourceTree = "<group>"; };
		2F92376A235BF7CC00747DCA /* tinyxml.sln */ = {isa = PBXFileReference; fileEncoding = 4; lastKnownFileType = text; path = tinyxml.sln; sourceTree = "<group>"; };
		2F92376B235BF7CC00747DCA /* tinyXmlTest.vcxproj */ = {isa = PBXFileReference; fileEncoding = 4; lastKnownFileType = text.xml; path = tinyXmlTest.vcxproj; sourceTree = "<group>"; };
		2F92376C235BF7CC00747DCA /* tinystr.cpp */ = {isa = PBXFileReference; fileEncoding = 4; lastKnownFileType = sourcecode.cpp.cpp; path = tinystr.cpp; sourceTree = "<group>"; };
		2F92376D235BF7CC00747DCA /* tinyxmlparser.cpp */ = {isa = PBXFileReference; fileEncoding = 4; lastKnownFileType = sourcecode.cpp.cpp; path = tinyxmlparser.cpp; sourceTree = "<group>"; };
		2F92376E235BF7CC00747DCA /* tinyxmlerror.cpp */ = {isa = PBXFileReference; fileEncoding = 4; lastKnownFileType = sourcecode.cpp.cpp; path = tinyxmlerror.cpp; sourceTree = "<group>"; };
		2F92376F235BF7CC00747DCA /* readme.txt */ = {isa = PBXFileReference; fileEncoding = 4; lastKnownFileType = text; path = readme.txt; sourceTree = "<group>"; };
		2F923770235BF7CC00747DCA /* utf8testverify.xml */ = {isa = PBXFileReference; fileEncoding = 4; lastKnownFileType = text.xml; path = utf8testverify.xml; sourceTree = "<group>"; };
		2F923771235BF7CC00747DCA /* utf8test.gif */ = {isa = PBXFileReference; lastKnownFileType = image.gif; path = utf8test.gif; sourceTree = "<group>"; };
		2F923772235BF7CC00747DCA /* tinyxml.cpp */ = {isa = PBXFileReference; fileEncoding = 4; lastKnownFileType = sourcecode.cpp.cpp; path = tinyxml.cpp; sourceTree = "<group>"; };
		2F923779235BF7F300747DCA /* level.cpp */ = {isa = PBXFileReference; fileEncoding = 4; lastKnownFileType = sourcecode.cpp.cpp; path = level.cpp; sourceTree = "<group>"; };
		2F92377A235BF7F300747DCA /* level.hpp */ = {isa = PBXFileReference; fileEncoding = 4; lastKnownFileType = sourcecode.cpp.h; path = level.hpp; sourceTree = "<group>"; };
		2FA6DF46234CC7C100302427 /* MainMenuState.cpp */ = {isa = PBXFileReference; lastKnownFileType = sourcecode.cpp.cpp; path = MainMenuState.cpp; sourceTree = "<group>"; };
		2FA6DF47234CC7C100302427 /* MainMenuState.hpp */ = {isa = PBXFileReference; lastKnownFileType = sourcecode.cpp.h; path = MainMenuState.hpp; sourceTree = "<group>"; };
		2FA6DF4A234CCF7200302427 /* Button.cpp */ = {isa = PBXFileReference; lastKnownFileType = sourcecode.cpp.cpp; path = Button.cpp; sourceTree = "<group>"; };
		2FA6DF4B234CCF7200302427 /* Button.hpp */ = {isa = PBXFileReference; lastKnownFileType = sourcecode.cpp.h; path = Button.hpp; sourceTree = "<group>"; };
		2FA6DF6A234CDADF00302427 /* Jogo-SFML ORIGINAL */ = {isa = PBXFileReference; explicitFileType = "compiled.mach-o.executable"; includeInIndex = 0; path = "Jogo-SFML ORIGINAL"; sourceTree = BUILT_PRODUCTS_DIR; };
		2FA6DF6B234CDFA000302427 /* base_gui_includes.hpp */ = {isa = PBXFileReference; lastKnownFileType = sourcecode.cpp.h; path = base_gui_includes.hpp; sourceTree = "<group>"; };
		2FA6DF6D234F940E00302427 /* MoveComponent.cpp */ = {isa = PBXFileReference; lastKnownFileType = sourcecode.cpp.cpp; path = MoveComponent.cpp; sourceTree = "<group>"; };
		2FA6DF6E234F940E00302427 /* MoveComponent.hpp */ = {isa = PBXFileReference; lastKnownFileType = sourcecode.cpp.h; path = MoveComponent.hpp; sourceTree = "<group>"; };
		2FDA0BD12346BE8F00E3209D /* Jogo.cpp */ = {isa = PBXFileReference; fileEncoding = 4; lastKnownFileType = sourcecode.cpp.cpp; path = Jogo.cpp; sourceTree = "<group>"; };
		2FDA0BD22346BE8F00E3209D /* Jogo.hpp */ = {isa = PBXFileReference; fileEncoding = 4; lastKnownFileType = sourcecode.cpp.h; path = Jogo.hpp; sourceTree = "<group>"; };
		2FDA0BD42346BF5F00E3209D /* MediaEngine.cpp */ = {isa = PBXFileReference; lastKnownFileType = sourcecode.cpp.cpp; path = MediaEngine.cpp; sourceTree = "<group>"; };
		2FDA0BD52346BF5F00E3209D /* MediaEngine.hpp */ = {isa = PBXFileReference; lastKnownFileType = sourcecode.cpp.h; path = MediaEngine.hpp; sourceTree = "<group>"; };
		2FDA0BD72346BFB400E3209D /* base_includes.hpp */ = {isa = PBXFileReference; lastKnownFileType = sourcecode.cpp.h; path = base_includes.hpp; sourceTree = "<group>"; };
		2FDA0BD82349264500E3209D /* Entidade.cpp */ = {isa = PBXFileReference; lastKnownFileType = sourcecode.cpp.cpp; path = Entidade.cpp; sourceTree = "<group>"; };
		2FDA0BD92349264500E3209D /* Entidade.hpp */ = {isa = PBXFileReference; lastKnownFileType = sourcecode.cpp.h; path = Entidade.hpp; sourceTree = "<group>"; };
		2FDA0BDB2349265500E3209D /* Jogador.cpp */ = {isa = PBXFileReference; lastKnownFileType = sourcecode.cpp.cpp; path = Jogador.cpp; sourceTree = "<group>"; };
		2FDA0BDC2349265500E3209D /* Jogador.hpp */ = {isa = PBXFileReference; lastKnownFileType = sourcecode.cpp.h; path = Jogador.hpp; sourceTree = "<group>"; };
		2FDA0BDE2349266200E3209D /* Inimigo.cpp */ = {isa = PBXFileReference; lastKnownFileType = sourcecode.cpp.cpp; path = Inimigo.cpp; sourceTree = "<group>"; };
		2FDA0BDF2349266200E3209D /* Inimigo.hpp */ = {isa = PBXFileReference; lastKnownFileType = sourcecode.cpp.h; path = Inimigo.hpp; sourceTree = "<group>"; };
		2FDA0BE423492EA600E3209D /* Personagem.cpp */ = {isa = PBXFileReference; lastKnownFileType = sourcecode.cpp.cpp; path = Personagem.cpp; sourceTree = "<group>"; };
		2FDA0BE523492EA600E3209D /* Personagem.hpp */ = {isa = PBXFileReference; lastKnownFileType = sourcecode.cpp.h; path = Personagem.hpp; sourceTree = "<group>"; };
		2FDA0BED234A3C7900E3209D /* Obstaculo.cpp */ = {isa = PBXFileReference; lastKnownFileType = sourcecode.cpp.cpp; path = Obstaculo.cpp; sourceTree = "<group>"; };
		2FDA0BEE234A3C7900E3209D /* Obstaculo.hpp */ = {isa = PBXFileReference; lastKnownFileType = sourcecode.cpp.h; path = Obstaculo.hpp; sourceTree = "<group>"; };
		2FDA0BF1234A3D9B00E3209D /* TexturesHolder.cpp */ = {isa = PBXFileReference; lastKnownFileType = sourcecode.cpp.cpp; path = TexturesHolder.cpp; sourceTree = "<group>"; };
		2FDA0BF2234A3D9B00E3209D /* TexturesHolder.hpp */ = {isa = PBXFileReference; lastKnownFileType = sourcecode.cpp.h; path = TexturesHolder.hpp; sourceTree = "<group>"; };
		2FDA0BF7234A63C200E3209D /* ResourcesHolder.hpp */ = {isa = PBXFileReference; lastKnownFileType = sourcecode.cpp.h; path = ResourcesHolder.hpp; sourceTree = "<group>"; };
		2FDA0BF9234BADD000E3209D /* State.cpp */ = {isa = PBXFileReference; lastKnownFileType = sourcecode.cpp.cpp; path = State.cpp; sourceTree = "<group>"; };
		2FDA0BFA234BADD000E3209D /* State.hpp */ = {isa = PBXFileReference; lastKnownFileType = sourcecode.cpp.h; path = State.hpp; sourceTree = "<group>"; };
		2FDA0BFC234BADE200E3209D /* GameState.cpp */ = {isa = PBXFileReference; lastKnownFileType = sourcecode.cpp.cpp; path = GameState.cpp; sourceTree = "<group>"; };
		2FDA0BFD234BADE200E3209D /* GameState.hpp */ = {isa = PBXFileReference; lastKnownFileType = sourcecode.cpp.h; path = GameState.hpp; sourceTree = "<group>"; };
		2FDA0BFF234BB3D100E3209D /* MediaEngineParameters.cpp */ = {isa = PBXFileReference; lastKnownFileType = sourcecode.cpp.cpp; path = MediaEngineParameters.cpp; sourceTree = "<group>"; };
		2FDA0C00234BB3D100E3209D /* MediaEngineParameters.hpp */ = {isa = PBXFileReference; lastKnownFileType = sourcecode.cpp.h; path = MediaEngineParameters.hpp; sourceTree = "<group>"; };
/* End PBXFileReference section */

/* Begin PBXFrameworksBuildPhase section */
		2F435677230ECF1D00A89E64 /* Frameworks */ = {
			isa = PBXFrameworksBuildPhase;
			buildActionMask = 2147483647;
			files = (
				2F4356C1230EDFBE00A89E64 /* SFML.framework in Frameworks */,
				2F4356BB230EDFA500A89E64 /* sfml-window.framework in Frameworks */,
				2F4356BC230EDFA500A89E64 /* sfml-graphics.framework in Frameworks */,
				2F4356BD230EDFA500A89E64 /* sfml-audio.framework in Frameworks */,
				2F4356BE230EDFA500A89E64 /* sfml-network.framework in Frameworks */,
				2F4356BF230EDFA500A89E64 /* sfml-system.framework in Frameworks */,
			);
			runOnlyForDeploymentPostprocessing = 0;
		};
		2FA6DF5D234CDADF00302427 /* Frameworks */ = {
			isa = PBXFrameworksBuildPhase;
			buildActionMask = 2147483647;
			files = (
				2FA6DF5E234CDADF00302427 /* SFML.framework in Frameworks */,
				2FA6DF5F234CDADF00302427 /* sfml-window.framework in Frameworks */,
				2FA6DF60234CDADF00302427 /* sfml-graphics.framework in Frameworks */,
				2FA6DF61234CDADF00302427 /* sfml-audio.framework in Frameworks */,
				2FA6DF62234CDADF00302427 /* sfml-network.framework in Frameworks */,
				2FA6DF63234CDADF00302427 /* sfml-system.framework in Frameworks */,
			);
			runOnlyForDeploymentPostprocessing = 0;
		};
/* End PBXFrameworksBuildPhase section */

/* Begin PBXGroup section */
		2F435671230ECF1D00A89E64 = {
			isa = PBXGroup;
			children = (
				2F43567C230ECF1D00A89E64 /* Jogo-SFML */,
				2F43567B230ECF1D00A89E64 /* Products */,
				2F43568D230ED17500A89E64 /* Frameworks */,
			);
			sourceTree = "<group>";
		};
		2F43567B230ECF1D00A89E64 /* Products */ = {
			isa = PBXGroup;
			children = (
				2F43567A230ECF1D00A89E64 /* Jogo-SFML */,
				2FA6DF6A234CDADF00302427 /* Jogo-SFML ORIGINAL */,
			);
			name = Products;
			sourceTree = "<group>";
		};
		2F43567C230ECF1D00A89E64 /* Jogo-SFML */ = {
			isa = PBXGroup;
			children = (
				2F43569B230ED22500A89E64 /* Resources */,
				2F435698230ED21E00A89E64 /* src */,
			);
			path = "Jogo-SFML";
			sourceTree = "<group>";
		};
		2F43568D230ED17500A89E64 /* Frameworks */ = {
			isa = PBXGroup;
			children = (
				2F4356C0230EDFBE00A89E64 /* SFML.framework */,
				2F4356B8230EDFA500A89E64 /* sfml-audio.framework */,
				2F4356B7230EDFA500A89E64 /* sfml-graphics.framework */,
				2F4356B9230EDFA500A89E64 /* sfml-network.framework */,
				2F4356BA230EDFA500A89E64 /* sfml-system.framework */,
				2F4356B6230EDFA500A89E64 /* sfml-window.framework */,
				2F4356AD230EDD4400A89E64 /* libsfml-audio.2.5.1.dylib */,
				2F4356AE230EDD4400A89E64 /* libsfml-graphics.2.5.1.dylib */,
				2F4356AC230EDD4400A89E64 /* libsfml-network.2.5.1.dylib */,
				2F4356AF230EDD4400A89E64 /* libsfml-system.2.5.1.dylib */,
				2F4356B0230EDD4400A89E64 /* libsfml-window.2.5.1.dylib */,
				2F43569E230ED37B00A89E64 /* libsfml-audio.2.5.1.dylib */,
				2F4356A1230ED37B00A89E64 /* libsfml-graphics.2.5.1.dylib */,
				2F43569F230ED37B00A89E64 /* libsfml-network.2.5.1.dylib */,
				2F4356A0230ED37B00A89E64 /* libsfml-system.2.5.1.dylib */,
				2F43569D230ED37B00A89E64 /* libsfml-window.2.5.1.dylib */,
				2F435690230ED17600A89E64 /* libsfml-audio.2.5.1.dylib */,
				2F435692230ED17600A89E64 /* libsfml-graphics.2.5.1.dylib */,
				2F43568F230ED17600A89E64 /* libsfml-network.2.5.1.dylib */,
				2F43568E230ED17600A89E64 /* libsfml-system.2.5.1.dylib */,
				2F435691230ED17600A89E64 /* libsfml-window.2.5.1.dylib */,
			);
			name = Frameworks;
			sourceTree = "<group>";
		};
		2F435698230ED21E00A89E64 /* src */ = {
			isa = PBXGroup;
			children = (
				2FDA0BE7234A3B4D00E3209D /* Jogo */,
				2F435699230ED21E00A89E64 /* main.cpp */,
			);
			name = src;
			path = ../../../src;
			sourceTree = "<group>";
		};
		2F923708235BF7CC00747DCA /* tinyxml */ = {
			isa = PBXGroup;
			children = (
				2F923709235BF7CC00747DCA /* tinyxml.h */,
				2F92370B235BF7CC00747DCA /* tinyxml_lib.vcxproj */,
				2F92370C235BF7CC00747DCA /* Makefile */,
				2F92370D235BF7CC00747DCA /* tinystr.h */,
				2F92370E235BF7CC00747DCA /* utf8test.xml */,
				2F92370F235BF7CC00747DCA /* tinyxmlSTL.vcxproj */,
				2F923710235BF7CC00747DCA /* tinyXmlTestSTL.vcxproj */,
				2F923711235BF7CC00747DCA /* docs */,
				2F923769235BF7CC00747DCA /* changes.txt */,
				2F92376A235BF7CC00747DCA /* tinyxml.sln */,
				2F92376B235BF7CC00747DCA /* tinyXmlTest.vcxproj */,
				2F92376C235BF7CC00747DCA /* tinystr.cpp */,
				2F92376D235BF7CC00747DCA /* tinyxmlparser.cpp */,
				2F92376E235BF7CC00747DCA /* tinyxmlerror.cpp */,
				2F92376F235BF7CC00747DCA /* readme.txt */,
				2F923770235BF7CC00747DCA /* utf8testverify.xml */,
				2F923771235BF7CC00747DCA /* utf8test.gif */,
				2F923772235BF7CC00747DCA /* tinyxml.cpp */,
			);
			path = tinyxml;
			sourceTree = "<group>";
		};
		2F923711235BF7CC00747DCA /* docs */ = {
			isa = PBXGroup;
			children = (
				2F923712235BF7CC00747DCA /* classTiXmlPrinter.png */,
				2F923713235BF7CC00747DCA /* functions_0x69.html */,
				2F923714235BF7CC00747DCA /* functions_func_0x66.html */,
				2F923715235BF7CC00747DCA /* functions_func_0x70.html */,
				2F923716235BF7CC00747DCA /* doxygen.css */,
				2F923717235BF7CC00747DCA /* functions_0x73.html */,
				2F923718235BF7CC00747DCA /* tab_l.gif */,
				2F923719235BF7CC00747DCA /* functions_0x65.html */,
				2F92371A235BF7CC00747DCA /* pages.html */,
				2F92371B235BF7CC00747DCA /* classTiXmlComment.html */,
				2F92371C235BF7CC00747DCA /* classTiXmlDeclaration.png */,
				2F92371D235BF7CC00747DCA /* classTiXmlAttribute.html */,
				2F92371E235BF7CC00747DCA /* index.html */,
				2F92371F235BF7CC00747DCA /* classTiXmlDocument-members.html */,
				2F923720235BF7CC00747DCA /* functions.html */,
				2F923721235BF7CC00747DCA /* functions_0x64.html */,
				2F923722235BF7CC00747DCA /* functions_0x72.html */,
				2F923723235BF7CC00747DCA /* classTiXmlAttribute-members.html */,
				2F923724235BF7CC00747DCA /* functions_func_0x71.html */,
				2F923725235BF7CC00747DCA /* functions_func_0x67.html */,
				2F923726235BF7CC00747DCA /* classTiXmlHandle.html */,
				2F923727235BF7CC00747DCA /* functions_0x6c.html */,
				2F923728235BF7CC00747DCA /* annotated.html */,
				2F923729235BF7CC00747DCA /* hierarchy.html */,
				2F92372A235BF7CC00747DCA /* functions_0x75.html */,
				2F92372B235BF7CC00747DCA /* functions_0x63.html */,
				2F92372C235BF7CC00747DCA /* classTiXmlComment.png */,
				2F92372D235BF7CC00747DCA /* tabs.css */,
				2F92372E235BF7CC00747DCA /* classTiXmlElement-members.html */,
				2F92372F235BF7CC00747DCA /* classTiXmlBase.html */,
				2F923730235BF7CC00747DCA /* doxygen.png */,
				2F923731235BF7CC00747DCA /* classTiXmlPrinter.html */,
				2F923732235BF7CC00747DCA /* functions_vars.html */,
				2F923733235BF7CC00747DCA /* functions_enum.html */,
				2F923734235BF7CC00747DCA /* functions_func_0x76.html */,
				2F923735235BF7CC00747DCA /* deprecated.html */,
				2F923736235BF7CC00747DCA /* classTiXmlUnknown-members.html */,
				2F923737235BF7CC00747DCA /* files.html */,
				2F923738235BF7CC00747DCA /* functions_0x6e.html */,
				2F923739235BF7CC00747DCA /* classTiXmlNode.html */,
				2F92373A235BF7CC00747DCA /* classTiXmlText.html */,
				2F92373B235BF7CC00747DCA /* functions_func.html */,
				2F92373C235BF7CC00747DCA /* classTiXmlText-members.html */,
				2F92373D235BF7CC00747DCA /* functions_0x74.html */,
				2F92373E235BF7CC00747DCA /* functions_func_0x6e.html */,
				2F92373F235BF7CC00747DCA /* functions_func_0x74.html */,
				2F923740235BF7CC00747DCA /* functions_0x6f.html */,
				2F923741235BF7CC00747DCA /* classTiXmlComment-members.html */,
				2F923742235BF7CC00747DCA /* classTiXmlText.png */,
				2F923743235BF7CC00747DCA /* classTiXmlAttribute.png */,
				2F923744235BF7CC00747DCA /* classTiXmlDocument.html */,
				2F923745235BF7CC00747DCA /* classTiXmlVisitor-members.html */,
				2F923746235BF7CC00747DCA /* functions_func_0x63.html */,
				2F923747235BF7CC00747DCA /* classTiXmlElement.html */,
				2F923748235BF7CC00747DCA /* classTiXmlDeclaration-members.html */,
				2F923749235BF7CC00747DCA /* functions_func_0x75.html */,
				2F92374A235BF7CC00747DCA /* classTiXmlBase-members.html */,
				2F92374B235BF7CC00747DCA /* functions_0x76.html */,
				2F92374C235BF7CC00747DCA /* classTiXmlUnknown.png */,
				2F92374D235BF7CC00747DCA /* classTiXmlDocument.png */,
				2F92374E235BF7CC00747DCA /* classes.html */,
				2F92374F235BF7CC00747DCA /* functions_func_0x72.html */,
				2F923750235BF7CC00747DCA /* classTiXmlDeclaration.html */,
				2F923751235BF7CC00747DCA /* tinystr_8h_source.html */,
				2F923752235BF7CC00747DCA /* functions_func_0x64.html */,
				2F923753235BF7CC00747DCA /* tab_r.gif */,
				2F923754235BF7CC00747DCA /* functions_func_0x6c.html */,
				2F923755235BF7CC00747DCA /* functions_0x67.html */,
				2F923756235BF7CC00747DCA /* functions_0x71.html */,
				2F923757235BF7CC00747DCA /* classTiXmlNode.png */,
				2F923758235BF7CC00747DCA /* tinyxml_8h_source.html */,
				2F923759235BF7CC00747DCA /* classTiXmlHandle-members.html */,
				2F92375A235BF7CC00747DCA /* functions_0x70.html */,
				2F92375B235BF7CC00747DCA /* functions_0x66.html */,
				2F92375C235BF7CC00747DCA /* classTiXmlNode-members.html */,
				2F92375D235BF7CC00747DCA /* functions_func_0x69.html */,
				2F92375E235BF7CC00747DCA /* classTiXmlUnknown.html */,
				2F92375F235BF7CC00747DCA /* tutorial0.html */,
				2F923760235BF7CC00747DCA /* classTiXmlPrinter-members.html */,
				2F923761235BF7CC00747DCA /* functions_rela.html */,
				2F923762235BF7CC00747DCA /* classTiXmlElement.png */,
				2F923763235BF7CC00747DCA /* functions_func_0x65.html */,
				2F923764235BF7CC00747DCA /* classTiXmlVisitor.html */,
				2F923765235BF7CC00747DCA /* classTiXmlBase.png */,
				2F923766235BF7CC00747DCA /* tab_b.gif */,
				2F923767235BF7CC00747DCA /* classTiXmlVisitor.png */,
				2F923768235BF7CC00747DCA /* functions_func_0x73.html */,
			);
			path = docs;
			sourceTree = "<group>";
		};
		2FA6DF49234CCF5A00302427 /* GUI */ = {
			isa = PBXGroup;
			children = (
				2FA6DF4A234CCF7200302427 /* Button.cpp */,
				2FA6DF4B234CCF7200302427 /* Button.hpp */,
				2FA6DF6B234CDFA000302427 /* base_gui_includes.hpp */,
			);
			path = GUI;
			sourceTree = "<group>";
		};
		2FA6DF6C234F93EC00302427 /* Componentes */ = {
			isa = PBXGroup;
			children = (
				2FA6DF6D234F940E00302427 /* MoveComponent.cpp */,
				2FA6DF6E234F940E00302427 /* MoveComponent.hpp */,
			);
			path = Componentes;
			sourceTree = "<group>";
		};
		2FDA0BE7234A3B4D00E3209D /* Jogo */ = {
			isa = PBXGroup;
			children = (
				2F923708235BF7CC00747DCA /* tinyxml */,
				2FA6DF49234CCF5A00302427 /* GUI */,
				2FDA0C05234BD79B00E3209D /* Entidades */,
				2FDA0BF8234BADC100E3209D /* States */,
				2FDA0BF0234A3D5600E3209D /* Resources */,
				2FDA0BD12346BE8F00E3209D /* Jogo.cpp */,
				2FDA0BD22346BE8F00E3209D /* Jogo.hpp */,
				2FDA0BD42346BF5F00E3209D /* MediaEngine.cpp */,
				2FDA0BD52346BF5F00E3209D /* MediaEngine.hpp */,
				2FDA0BD72346BFB400E3209D /* base_includes.hpp */,
				2FDA0BFF234BB3D100E3209D /* MediaEngineParameters.cpp */,
				2FDA0C00234BB3D100E3209D /* MediaEngineParameters.hpp */,
				2F7FBB322356150600794230 /* Parameters.cpp */,
				2F7FBB332356150600794230 /* Parameters.hpp */,
			);
			path = Jogo;
			sourceTree = "<group>";
		};
		2FDA0BF0234A3D5600E3209D /* Resources */ = {
			isa = PBXGroup;
			children = (
				2FDA0BF7234A63C200E3209D /* ResourcesHolder.hpp */,
				2FDA0BF1234A3D9B00E3209D /* TexturesHolder.cpp */,
				2FDA0BF2234A3D9B00E3209D /* TexturesHolder.hpp */,
			);
			path = Resources;
			sourceTree = "<group>";
		};
		2FDA0BF8234BADC100E3209D /* States */ = {
			isa = PBXGroup;
			children = (
				2FDA0BF9234BADD000E3209D /* State.cpp */,
				2FDA0BFA234BADD000E3209D /* State.hpp */,
				2FDA0BFC234BADE200E3209D /* GameState.cpp */,
				2FDA0BFD234BADE200E3209D /* GameState.hpp */,
				2FA6DF46234CC7C100302427 /* MainMenuState.cpp */,
				2FA6DF47234CC7C100302427 /* MainMenuState.hpp */,
				2F7FBB292356149B00794230 /* PhaseAState.cpp */,
				2F7FBB2A2356149B00794230 /* PhaseAState.hpp */,
				2F7FBB2C235614AA00794230 /* PhaseBState.cpp */,
				2F7FBB2D235614AA00794230 /* PhaseBState.hpp */,
				2F7FBB2F235614B700794230 /* PhaseCState.cpp */,
				2F7FBB30235614B700794230 /* PhaseCState.hpp */,
			);
			path = States;
			sourceTree = "<group>";
		};
		2FDA0C05234BD79B00E3209D /* Entidades */ = {
			isa = PBXGroup;
			children = (
				2F923779235BF7F300747DCA /* level.cpp */,
				2F92377A235BF7F300747DCA /* level.hpp */,
				2FA6DF6C234F93EC00302427 /* Componentes */,
				2FDA0BDB2349265500E3209D /* Jogador.cpp */,
				2FDA0BDC2349265500E3209D /* Jogador.hpp */,
				2FDA0BDE2349266200E3209D /* Inimigo.cpp */,
				2FDA0BDF2349266200E3209D /* Inimigo.hpp */,
				2FDA0BE423492EA600E3209D /* Personagem.cpp */,
				2FDA0BE523492EA600E3209D /* Personagem.hpp */,
				2FDA0BED234A3C7900E3209D /* Obstaculo.cpp */,
				2FDA0BEE234A3C7900E3209D /* Obstaculo.hpp */,
				2FDA0BD82349264500E3209D /* Entidade.cpp */,
				2FDA0BD92349264500E3209D /* Entidade.hpp */,
			);
			path = Entidades;
			sourceTree = "<group>";
		};
/* End PBXGroup section */

/* Begin PBXNativeTarget section */
		2F435679230ECF1D00A89E64 /* Jogo-SFML */ = {
			isa = PBXNativeTarget;
			buildConfigurationList = 2F435681230ECF1D00A89E64 /* Build configuration list for PBXNativeTarget "Jogo-SFML" */;
			buildPhases = (
				2F435676230ECF1D00A89E64 /* Sources */,
				2F435677230ECF1D00A89E64 /* Frameworks */,
				2F435678230ECF1D00A89E64 /* CopyFiles */,
				2F43568B230ED0F200A89E64 /* CopyFiles */,
			);
			buildRules = (
			);
			dependencies = (
			);
			name = "Jogo-SFML";
			productName = "SFML-Test";
			productReference = 2F43567A230ECF1D00A89E64 /* Jogo-SFML */;
			productType = "com.apple.product-type.tool";
		};
		2FA6DF4D234CDADF00302427 /* Jogo-SFML ORIGINAL */ = {
			isa = PBXNativeTarget;
			buildConfigurationList = 2FA6DF67234CDADF00302427 /* Build configuration list for PBXNativeTarget "Jogo-SFML ORIGINAL" */;
			buildPhases = (
				2FA6DF4E234CDADF00302427 /* Sources */,
				2FA6DF5D234CDADF00302427 /* Frameworks */,
				2FA6DF64234CDADF00302427 /* CopyFiles */,
				2FA6DF65234CDADF00302427 /* CopyFiles */,
			);
			buildRules = (
			);
			dependencies = (
			);
			name = "Jogo-SFML ORIGINAL";
			productName = "SFML-Test";
			productReference = 2FA6DF6A234CDADF00302427 /* Jogo-SFML ORIGINAL */;
			productType = "com.apple.product-type.tool";
		};
/* End PBXNativeTarget section */

/* Begin PBXProject section */
		2F435672230ECF1D00A89E64 /* Project object */ = {
			isa = PBXProject;
			attributes = {
				LastUpgradeCheck = 1110;
				ORGANIZATIONNAME = "Matheus Kunnen Ledesma";
				TargetAttributes = {
					2F435679230ECF1D00A89E64 = {
						CreatedOnToolsVersion = 10.3;
					};
				};
			};
			buildConfigurationList = 2F435675230ECF1D00A89E64 /* Build configuration list for PBXProject "Jogo-SFML" */;
			compatibilityVersion = "Xcode 9.3";
			developmentRegion = en;
			hasScannedForEncodings = 0;
			knownRegions = (
				en,
				Base,
			);
			mainGroup = 2F435671230ECF1D00A89E64;
			productRefGroup = 2F43567B230ECF1D00A89E64 /* Products */;
			projectDirPath = "";
			projectRoot = "";
			targets = (
				2F435679230ECF1D00A89E64 /* Jogo-SFML */,
				2FA6DF4D234CDADF00302427 /* Jogo-SFML ORIGINAL */,
			);
		};
/* End PBXProject section */

/* Begin PBXSourcesBuildPhase section */
		2F435676230ECF1D00A89E64 /* Sources */ = {
			isa = PBXSourcesBuildPhase;
			buildActionMask = 2147483647;
			files = (
				2F923777235BF7CC00747DCA /* tinyxmlerror.cpp in Sources */,
				2FDA0C01234BB3D100E3209D /* MediaEngineParameters.cpp in Sources */,
				2F7FBB342356150600794230 /* Parameters.cpp in Sources */,
				2F923776235BF7CC00747DCA /* tinyxmlparser.cpp in Sources */,
				2FDA0BE623492EA600E3209D /* Personagem.cpp in Sources */,
				2FDA0BFE234BADE200E3209D /* GameState.cpp in Sources */,
				2F7FBB2B2356149B00794230 /* PhaseAState.cpp in Sources */,
				2FA6DF4C234CCF7200302427 /* Button.cpp in Sources */,
				2FDA0BF3234A3D9B00E3209D /* TexturesHolder.cpp in Sources */,
				2FDA0BFB234BADD000E3209D /* State.cpp in Sources */,
				2FDA0BD62346BF5F00E3209D /* MediaEngine.cpp in Sources */,
				2F923778235BF7CC00747DCA /* tinyxml.cpp in Sources */,
				2F923775235BF7CC00747DCA /* tinystr.cpp in Sources */,
				2FDA0BDD2349265500E3209D /* Jogador.cpp in Sources */,
				2FA6DF6F234F940E00302427 /* MoveComponent.cpp in Sources */,
				2FDA0BEF234A3C7900E3209D /* Obstaculo.cpp in Sources */,
				2F923774235BF7CC00747DCA /* Makefile in Sources */,
				2F7FBB2E235614AA00794230 /* PhaseBState.cpp in Sources */,
				2FDA0BE02349266200E3209D /* Inimigo.cpp in Sources */,
				2FDA0BD32346BE8F00E3209D /* Jogo.cpp in Sources */,
				2F43569A230ED21E00A89E64 /* main.cpp in Sources */,
				2FA6DF48234CC7C100302427 /* MainMenuState.cpp in Sources */,
				2FDA0BDA2349264500E3209D /* Entidade.cpp in Sources */,
				2F92377B235BF7F300747DCA /* level.cpp in Sources */,
				2F7FBB31235614B700794230 /* PhaseCState.cpp in Sources */,
			);
			runOnlyForDeploymentPostprocessing = 0;
		};
		2FA6DF4E234CDADF00302427 /* Sources */ = {
			isa = PBXSourcesBuildPhase;
			buildActionMask = 2147483647;
			files = (
				2FA6DF4F234CDADF00302427 /* MediaEngineParameters.cpp in Sources */,
				2FA6DF50234CDADF00302427 /* Personagem.cpp in Sources */,
				2FA6DF51234CDADF00302427 /* GameState.cpp in Sources */,
				2FA6DF52234CDADF00302427 /* Button.cpp in Sources */,
				2FA6DF53234CDADF00302427 /* TexturesHolder.cpp in Sources */,
				2FA6DF54234CDADF00302427 /* State.cpp in Sources */,
				2FA6DF55234CDADF00302427 /* MediaEngine.cpp in Sources */,
				2FA6DF56234CDADF00302427 /* Jogador.cpp in Sources */,
				2FA6DF57234CDADF00302427 /* Obstaculo.cpp in Sources */,
				2FA6DF58234CDADF00302427 /* Inimigo.cpp in Sources */,
				2FA6DF59234CDADF00302427 /* Jogo.cpp in Sources */,
				2FA6DF5A234CDADF00302427 /* main.cpp in Sources */,
				2FA6DF5B234CDADF00302427 /* MainMenuState.cpp in Sources */,
				2FA6DF5C234CDADF00302427 /* Entidade.cpp in Sources */,
			);
			runOnlyForDeploymentPostprocessing = 0;
		};
/* End PBXSourcesBuildPhase section */

/* Begin XCBuildConfiguration section */
		2F43567F230ECF1D00A89E64 /* Debug */ = {
			isa = XCBuildConfiguration;
			buildSettings = {
				ALWAYS_SEARCH_USER_PATHS = NO;
				CLANG_ANALYZER_NONNULL = YES;
				CLANG_ANALYZER_NUMBER_OBJECT_CONVERSION = YES_AGGRESSIVE;
				CLANG_CXX_LANGUAGE_STANDARD = "gnu++14";
				CLANG_CXX_LIBRARY = "libc++";
				CLANG_ENABLE_MODULES = YES;
				CLANG_ENABLE_OBJC_ARC = YES;
				CLANG_ENABLE_OBJC_WEAK = YES;
				CLANG_WARN_BLOCK_CAPTURE_AUTORELEASING = YES;
				CLANG_WARN_BOOL_CONVERSION = YES;
				CLANG_WARN_COMMA = YES;
				CLANG_WARN_CONSTANT_CONVERSION = YES;
				CLANG_WARN_DEPRECATED_OBJC_IMPLEMENTATIONS = YES;
				CLANG_WARN_DIRECT_OBJC_ISA_USAGE = YES_ERROR;
				CLANG_WARN_DOCUMENTATION_COMMENTS = YES;
				CLANG_WARN_EMPTY_BODY = YES;
				CLANG_WARN_ENUM_CONVERSION = YES;
				CLANG_WARN_INFINITE_RECURSION = YES;
				CLANG_WARN_INT_CONVERSION = YES;
				CLANG_WARN_NON_LITERAL_NULL_CONVERSION = YES;
				CLANG_WARN_OBJC_IMPLICIT_RETAIN_SELF = YES;
				CLANG_WARN_OBJC_LITERAL_CONVERSION = YES;
				CLANG_WARN_OBJC_ROOT_CLASS = YES_ERROR;
				CLANG_WARN_RANGE_LOOP_ANALYSIS = YES;
				CLANG_WARN_STRICT_PROTOTYPES = YES;
				CLANG_WARN_SUSPICIOUS_MOVE = YES;
				CLANG_WARN_UNGUARDED_AVAILABILITY = YES_AGGRESSIVE;
				CLANG_WARN_UNREACHABLE_CODE = YES;
				CLANG_WARN__DUPLICATE_METHOD_MATCH = YES;
				CODE_SIGN_IDENTITY = "Mac Developer";
				COPY_PHASE_STRIP = NO;
				DEBUG_INFORMATION_FORMAT = dwarf;
				ENABLE_STRICT_OBJC_MSGSEND = YES;
				ENABLE_TESTABILITY = YES;
				GCC_C_LANGUAGE_STANDARD = gnu11;
				GCC_DYNAMIC_NO_PIC = NO;
				GCC_NO_COMMON_BLOCKS = YES;
				GCC_OPTIMIZATION_LEVEL = 0;
				GCC_PREPROCESSOR_DEFINITIONS = (
					"DEBUG=1",
					"$(inherited)",
				);
				GCC_WARN_64_TO_32_BIT_CONVERSION = YES;
				GCC_WARN_ABOUT_RETURN_TYPE = YES_ERROR;
				GCC_WARN_UNDECLARED_SELECTOR = YES;
				GCC_WARN_UNINITIALIZED_AUTOS = YES_AGGRESSIVE;
				GCC_WARN_UNUSED_FUNCTION = YES;
				GCC_WARN_UNUSED_VARIABLE = YES;
				MACOSX_DEPLOYMENT_TARGET = 10.14;
				MTL_ENABLE_DEBUG_INFO = INCLUDE_SOURCE;
				MTL_FAST_MATH = YES;
				ONLY_ACTIVE_ARCH = YES;
				SDKROOT = macosx;
			};
			name = Debug;
		};
		2F435680230ECF1D00A89E64 /* Release */ = {
			isa = XCBuildConfiguration;
			buildSettings = {
				ALWAYS_SEARCH_USER_PATHS = NO;
				CLANG_ANALYZER_NONNULL = YES;
				CLANG_ANALYZER_NUMBER_OBJECT_CONVERSION = YES_AGGRESSIVE;
				CLANG_CXX_LANGUAGE_STANDARD = "gnu++14";
				CLANG_CXX_LIBRARY = "libc++";
				CLANG_ENABLE_MODULES = YES;
				CLANG_ENABLE_OBJC_ARC = YES;
				CLANG_ENABLE_OBJC_WEAK = YES;
				CLANG_WARN_BLOCK_CAPTURE_AUTORELEASING = YES;
				CLANG_WARN_BOOL_CONVERSION = YES;
				CLANG_WARN_COMMA = YES;
				CLANG_WARN_CONSTANT_CONVERSION = YES;
				CLANG_WARN_DEPRECATED_OBJC_IMPLEMENTATIONS = YES;
				CLANG_WARN_DIRECT_OBJC_ISA_USAGE = YES_ERROR;
				CLANG_WARN_DOCUMENTATION_COMMENTS = YES;
				CLANG_WARN_EMPTY_BODY = YES;
				CLANG_WARN_ENUM_CONVERSION = YES;
				CLANG_WARN_INFINITE_RECURSION = YES;
				CLANG_WARN_INT_CONVERSION = YES;
				CLANG_WARN_NON_LITERAL_NULL_CONVERSION = YES;
				CLANG_WARN_OBJC_IMPLICIT_RETAIN_SELF = YES;
				CLANG_WARN_OBJC_LITERAL_CONVERSION = YES;
				CLANG_WARN_OBJC_ROOT_CLASS = YES_ERROR;
				CLANG_WARN_RANGE_LOOP_ANALYSIS = YES;
				CLANG_WARN_STRICT_PROTOTYPES = YES;
				CLANG_WARN_SUSPICIOUS_MOVE = YES;
				CLANG_WARN_UNGUARDED_AVAILABILITY = YES_AGGRESSIVE;
				CLANG_WARN_UNREACHABLE_CODE = YES;
				CLANG_WARN__DUPLICATE_METHOD_MATCH = YES;
				CODE_SIGN_IDENTITY = "Mac Developer";
				COPY_PHASE_STRIP = NO;
				DEBUG_INFORMATION_FORMAT = "dwarf-with-dsym";
				ENABLE_NS_ASSERTIONS = NO;
				ENABLE_STRICT_OBJC_MSGSEND = YES;
				GCC_C_LANGUAGE_STANDARD = gnu11;
				GCC_NO_COMMON_BLOCKS = YES;
				GCC_WARN_64_TO_32_BIT_CONVERSION = YES;
				GCC_WARN_ABOUT_RETURN_TYPE = YES_ERROR;
				GCC_WARN_UNDECLARED_SELECTOR = YES;
				GCC_WARN_UNINITIALIZED_AUTOS = YES_AGGRESSIVE;
				GCC_WARN_UNUSED_FUNCTION = YES;
				GCC_WARN_UNUSED_VARIABLE = YES;
				MACOSX_DEPLOYMENT_TARGET = 10.14;
				MTL_ENABLE_DEBUG_INFO = NO;
				MTL_FAST_MATH = YES;
				SDKROOT = macosx;
			};
			name = Release;
		};
		2F435682230ECF1D00A89E64 /* Debug */ = {
			isa = XCBuildConfiguration;
			buildSettings = {
				CLANG_CXX_LANGUAGE_STANDARD = "c++0x";
				CODE_SIGN_IDENTITY = "-";
				CODE_SIGN_STYLE = Automatic;
				DEVELOPMENT_TEAM = XH26ZYH4M3;
				FRAMEWORK_SEARCH_PATHS = (
					"$(inherited)",
					"$(LOCAL_LIBRARY_DIR)/Frameworks",
				);
				HEADER_SEARCH_PATHS = "";
				LIBRARY_SEARCH_PATHS = "";
				PRODUCT_NAME = "$(TARGET_NAME)";
			};
			name = Debug;
		};
		2F435683230ECF1D00A89E64 /* Release */ = {
			isa = XCBuildConfiguration;
			buildSettings = {
				CLANG_CXX_LANGUAGE_STANDARD = "c++0x";
				CODE_SIGN_IDENTITY = "-";
				CODE_SIGN_STYLE = Automatic;
				DEVELOPMENT_TEAM = XH26ZYH4M3;
				FRAMEWORK_SEARCH_PATHS = (
					"$(inherited)",
					"$(LOCAL_LIBRARY_DIR)/Frameworks",
				);
				HEADER_SEARCH_PATHS = "";
				LIBRARY_SEARCH_PATHS = "";
				PRODUCT_NAME = "$(TARGET_NAME)";
			};
			name = Release;
		};
		2FA6DF68234CDADF00302427 /* Debug */ = {
			isa = XCBuildConfiguration;
			buildSettings = {
				CLANG_CXX_LANGUAGE_STANDARD = "c++0x";
				CODE_SIGN_IDENTITY = "-";
				CODE_SIGN_STYLE = Automatic;
				DEVELOPMENT_TEAM = XH26ZYH4M3;
				FRAMEWORK_SEARCH_PATHS = (
					"$(inherited)",
					"$(LOCAL_LIBRARY_DIR)/Frameworks",
				);
				HEADER_SEARCH_PATHS = "";
				LIBRARY_SEARCH_PATHS = "";
				PRODUCT_NAME = "$(TARGET_NAME)";
			};
			name = Debug;
		};
		2FA6DF69234CDADF00302427 /* Release */ = {
			isa = XCBuildConfiguration;
			buildSettings = {
				CLANG_CXX_LANGUAGE_STANDARD = "c++0x";
				CODE_SIGN_IDENTITY = "-";
				CODE_SIGN_STYLE = Automatic;
				DEVELOPMENT_TEAM = XH26ZYH4M3;
				FRAMEWORK_SEARCH_PATHS = (
					"$(inherited)",
					"$(LOCAL_LIBRARY_DIR)/Frameworks",
				);
				HEADER_SEARCH_PATHS = "";
				LIBRARY_SEARCH_PATHS = "";
				PRODUCT_NAME = "$(TARGET_NAME)";
			};
			name = Release;
		};
/* End XCBuildConfiguration section */

/* Begin XCConfigurationList section */
		2F435675230ECF1D00A89E64 /* Build configuration list for PBXProject "Jogo-SFML" */ = {
			isa = XCConfigurationList;
			buildConfigurations = (
				2F43567F230ECF1D00A89E64 /* Debug */,
				2F435680230ECF1D00A89E64 /* Release */,
			);
			defaultConfigurationIsVisible = 0;
			defaultConfigurationName = Release;
		};
		2F435681230ECF1D00A89E64 /* Build configuration list for PBXNativeTarget "Jogo-SFML" */ = {
			isa = XCConfigurationList;
			buildConfigurations = (
				2F435682230ECF1D00A89E64 /* Debug */,
				2F435683230ECF1D00A89E64 /* Release */,
			);
			defaultConfigurationIsVisible = 0;
			defaultConfigurationName = Release;
		};
		2FA6DF67234CDADF00302427 /* Build configuration list for PBXNativeTarget "Jogo-SFML ORIGINAL" */ = {
			isa = XCConfigurationList;
			buildConfigurations = (
				2FA6DF68234CDADF00302427 /* Debug */,
				2FA6DF69234CDADF00302427 /* Release */,
			);
			defaultConfigurationIsVisible = 0;
			defaultConfigurationName = Release;
		};
/* End XCConfigurationList section */
	};
	rootObject = 2F435672230ECF1D00A89E64 /* Project object */;
}
